// !$*UTF8*$!
{
	archiveVersion = 1;
	classes = {
	};
	objectVersion = 46;
	objects = {

/* Begin PBXBuildFile section */
		5660AD1B16FE7B7800689225 /* QuartzCore.framework in Frameworks */ = {isa = PBXBuildFile; fileRef = 5660AD1A16FE7B7800689225 /* QuartzCore.framework */; };
		5660AD1D16FE7B7800689225 /* OpenGLES.framework in Frameworks */ = {isa = PBXBuildFile; fileRef = 5660AD1C16FE7B7800689225 /* OpenGLES.framework */; };
		5660AD1F16FE7B7800689225 /* OpenAL.framework in Frameworks */ = {isa = PBXBuildFile; fileRef = 5660AD1E16FE7B7800689225 /* OpenAL.framework */; };
		5660AD2116FE7B7800689225 /* AudioToolbox.framework in Frameworks */ = {isa = PBXBuildFile; fileRef = 5660AD2016FE7B7800689225 /* AudioToolbox.framework */; };
		5660AD2316FE7B7800689225 /* AVFoundation.framework in Frameworks */ = {isa = PBXBuildFile; fileRef = 5660AD2216FE7B7800689225 /* AVFoundation.framework */; };
		5660AD2516FE7B7800689225 /* UIKit.framework in Frameworks */ = {isa = PBXBuildFile; fileRef = 5660AD2416FE7B7800689225 /* UIKit.framework */; };
		5660AD2716FE7B7900689225 /* Foundation.framework in Frameworks */ = {isa = PBXBuildFile; fileRef = 5660AD2616FE7B7800689225 /* Foundation.framework */; };
		5660AD2916FE7B7900689225 /* CoreGraphics.framework in Frameworks */ = {isa = PBXBuildFile; fileRef = 5660AD2816FE7B7900689225 /* CoreGraphics.framework */; };
		5660AD2D16FE7B7900689225 /* Default.png in Resources */ = {isa = PBXBuildFile; fileRef = 5660AD2C16FE7B7900689225 /* Default.png */; };
		5660AD2F16FE7B7900689225 /* fps_images.png in Resources */ = {isa = PBXBuildFile; fileRef = 5660AD2E16FE7B7900689225 /* fps_images.png */; };
		5660AD3116FE7B7900689225 /* Icon-72.png in Resources */ = {isa = PBXBuildFile; fileRef = 5660AD3016FE7B7900689225 /* Icon-72.png */; };
		5660AD3316FE7B7900689225 /* Icon-Small-50.png in Resources */ = {isa = PBXBuildFile; fileRef = 5660AD3216FE7B7900689225 /* Icon-Small-50.png */; };
		5660AD3516FE7B7900689225 /* Icon-Small.png in Resources */ = {isa = PBXBuildFile; fileRef = 5660AD3416FE7B7900689225 /* Icon-Small.png */; };
		5660AD3716FE7B7900689225 /* Icon-Small@2x.png in Resources */ = {isa = PBXBuildFile; fileRef = 5660AD3616FE7B7900689225 /* Icon-Small@2x.png */; };
		5660AD3916FE7B7900689225 /* Icon.png in Resources */ = {isa = PBXBuildFile; fileRef = 5660AD3816FE7B7900689225 /* Icon.png */; };
		5660AD3B16FE7B7900689225 /* Icon@2x.png in Resources */ = {isa = PBXBuildFile; fileRef = 5660AD3A16FE7B7900689225 /* Icon@2x.png */; };
		5660AD3E16FE7B7900689225 /* iTunesArtwork in Resources */ = {isa = PBXBuildFile; fileRef = 5660AD3D16FE7B7900689225 /* iTunesArtwork */; };
		5660AD4316FE7B7900689225 /* CCAction.m in Sources */ = {isa = PBXBuildFile; fileRef = 5660AD4216FE7B7900689225 /* CCAction.m */; };
		5660AD4616FE7B7900689225 /* CCActionCamera.m in Sources */ = {isa = PBXBuildFile; fileRef = 5660AD4516FE7B7900689225 /* CCActionCamera.m */; };
		5660AD4916FE7B7900689225 /* CCActionEase.m in Sources */ = {isa = PBXBuildFile; fileRef = 5660AD4816FE7B7900689225 /* CCActionEase.m */; };
		5660AD4C16FE7B7900689225 /* CCActionGrid.m in Sources */ = {isa = PBXBuildFile; fileRef = 5660AD4B16FE7B7900689225 /* CCActionGrid.m */; };
		5660AD4F16FE7B7900689225 /* CCActionGrid3D.m in Sources */ = {isa = PBXBuildFile; fileRef = 5660AD4E16FE7B7900689225 /* CCActionGrid3D.m */; };
		5660AD5216FE7B7900689225 /* CCActionInstant.m in Sources */ = {isa = PBXBuildFile; fileRef = 5660AD5116FE7B7900689225 /* CCActionInstant.m */; };
		5660AD5516FE7B7900689225 /* CCActionInterval.m in Sources */ = {isa = PBXBuildFile; fileRef = 5660AD5416FE7B7900689225 /* CCActionInterval.m */; };
		5660AD5816FE7B7900689225 /* CCActionManager.m in Sources */ = {isa = PBXBuildFile; fileRef = 5660AD5716FE7B7900689225 /* CCActionManager.m */; };
		5660AD5B16FE7B7900689225 /* CCActionPageTurn3D.m in Sources */ = {isa = PBXBuildFile; fileRef = 5660AD5A16FE7B7900689225 /* CCActionPageTurn3D.m */; };
		5660AD5E16FE7B7900689225 /* CCActionProgressTimer.m in Sources */ = {isa = PBXBuildFile; fileRef = 5660AD5D16FE7B7900689225 /* CCActionProgressTimer.m */; };
		5660AD6116FE7B7900689225 /* CCActionTiledGrid.m in Sources */ = {isa = PBXBuildFile; fileRef = 5660AD6016FE7B7900689225 /* CCActionTiledGrid.m */; };
		5660AD6416FE7B7900689225 /* CCActionTween.m in Sources */ = {isa = PBXBuildFile; fileRef = 5660AD6316FE7B7900689225 /* CCActionTween.m */; };
		5660AD6716FE7B7900689225 /* CCAnimation.m in Sources */ = {isa = PBXBuildFile; fileRef = 5660AD6616FE7B7900689225 /* CCAnimation.m */; };
		5660AD6A16FE7B7900689225 /* CCAnimationCache.m in Sources */ = {isa = PBXBuildFile; fileRef = 5660AD6916FE7B7900689225 /* CCAnimationCache.m */; };
		5660AD6D16FE7B7900689225 /* CCAtlasNode.m in Sources */ = {isa = PBXBuildFile; fileRef = 5660AD6C16FE7B7900689225 /* CCAtlasNode.m */; };
		5660AD7016FE7B7900689225 /* CCBlockSupport.m in Sources */ = {isa = PBXBuildFile; fileRef = 5660AD6F16FE7B7900689225 /* CCBlockSupport.m */; };
		5660AD7316FE7B7900689225 /* CCCamera.m in Sources */ = {isa = PBXBuildFile; fileRef = 5660AD7216FE7B7900689225 /* CCCamera.m */; };
		5660AD7716FE7B7900689225 /* CCConfiguration.m in Sources */ = {isa = PBXBuildFile; fileRef = 5660AD7616FE7B7900689225 /* CCConfiguration.m */; };
		5660AD7A16FE7B7900689225 /* CCDirector.m in Sources */ = {isa = PBXBuildFile; fileRef = 5660AD7916FE7B7900689225 /* CCDirector.m */; };
		5660AD7D16FE7B7900689225 /* CCDrawingPrimitives.m in Sources */ = {isa = PBXBuildFile; fileRef = 5660AD7C16FE7B7900689225 /* CCDrawingPrimitives.m */; };
		5660AD8016FE7B7900689225 /* CCGrabber.m in Sources */ = {isa = PBXBuildFile; fileRef = 5660AD7F16FE7B7900689225 /* CCGrabber.m */; };
		5660AD8316FE7B7900689225 /* CCGrid.m in Sources */ = {isa = PBXBuildFile; fileRef = 5660AD8216FE7B7900689225 /* CCGrid.m */; };
		5660AD8616FE7B7900689225 /* CCLabelAtlas.m in Sources */ = {isa = PBXBuildFile; fileRef = 5660AD8516FE7B7900689225 /* CCLabelAtlas.m */; };
		5660AD8916FE7B7900689225 /* CCLabelBMFont.m in Sources */ = {isa = PBXBuildFile; fileRef = 5660AD8816FE7B7900689225 /* CCLabelBMFont.m */; };
		5660AD8C16FE7B7900689225 /* CCLabelTTF.m in Sources */ = {isa = PBXBuildFile; fileRef = 5660AD8B16FE7B7900689225 /* CCLabelTTF.m */; };
		5660AD8F16FE7B7900689225 /* CCLayer.m in Sources */ = {isa = PBXBuildFile; fileRef = 5660AD8E16FE7B7900689225 /* CCLayer.m */; };
		5660AD9316FE7B7900689225 /* CCMenu.m in Sources */ = {isa = PBXBuildFile; fileRef = 5660AD9216FE7B7900689225 /* CCMenu.m */; };
		5660AD9616FE7B7900689225 /* CCMenuItem.m in Sources */ = {isa = PBXBuildFile; fileRef = 5660AD9516FE7B7900689225 /* CCMenuItem.m */; };
		5660AD9916FE7B7900689225 /* CCMotionStreak.m in Sources */ = {isa = PBXBuildFile; fileRef = 5660AD9816FE7B7900689225 /* CCMotionStreak.m */; };
		5660AD9C16FE7B7900689225 /* CCNode.m in Sources */ = {isa = PBXBuildFile; fileRef = 5660AD9B16FE7B7900689225 /* CCNode.m */; };
		5660AD9F16FE7B7900689225 /* CCParallaxNode.m in Sources */ = {isa = PBXBuildFile; fileRef = 5660AD9E16FE7B7900689225 /* CCParallaxNode.m */; };
		5660ADA216FE7B7900689225 /* CCParticleExamples.m in Sources */ = {isa = PBXBuildFile; fileRef = 5660ADA116FE7B7900689225 /* CCParticleExamples.m */; };
		5660ADA516FE7B7900689225 /* CCParticleSystem.m in Sources */ = {isa = PBXBuildFile; fileRef = 5660ADA416FE7B7900689225 /* CCParticleSystem.m */; };
		5660ADA816FE7B7900689225 /* CCParticleSystemPoint.m in Sources */ = {isa = PBXBuildFile; fileRef = 5660ADA716FE7B7900689225 /* CCParticleSystemPoint.m */; };
		5660ADAB16FE7B7900689225 /* CCParticleSystemQuad.m in Sources */ = {isa = PBXBuildFile; fileRef = 5660ADAA16FE7B7900689225 /* CCParticleSystemQuad.m */; };
		5660ADAE16FE7B7900689225 /* CCProgressTimer.m in Sources */ = {isa = PBXBuildFile; fileRef = 5660ADAD16FE7B7900689225 /* CCProgressTimer.m */; };
		5660ADB216FE7B7900689225 /* CCRenderTexture.m in Sources */ = {isa = PBXBuildFile; fileRef = 5660ADB116FE7B7900689225 /* CCRenderTexture.m */; };
		5660ADB516FE7B7900689225 /* CCRibbon.m in Sources */ = {isa = PBXBuildFile; fileRef = 5660ADB416FE7B7900689225 /* CCRibbon.m */; };
		5660ADB816FE7B7900689225 /* CCScene.m in Sources */ = {isa = PBXBuildFile; fileRef = 5660ADB716FE7B7900689225 /* CCScene.m */; };
		5660ADBB16FE7B7900689225 /* CCScheduler.m in Sources */ = {isa = PBXBuildFile; fileRef = 5660ADBA16FE7B7900689225 /* CCScheduler.m */; };
		5660ADBE16FE7B7900689225 /* CCSprite.m in Sources */ = {isa = PBXBuildFile; fileRef = 5660ADBD16FE7B7900689225 /* CCSprite.m */; };
		5660ADC116FE7B7900689225 /* CCSpriteBatchNode.m in Sources */ = {isa = PBXBuildFile; fileRef = 5660ADC016FE7B7900689225 /* CCSpriteBatchNode.m */; };
		5660ADC416FE7B7900689225 /* CCSpriteFrame.m in Sources */ = {isa = PBXBuildFile; fileRef = 5660ADC316FE7B7900689225 /* CCSpriteFrame.m */; };
		5660ADC716FE7B7900689225 /* CCSpriteFrameCache.m in Sources */ = {isa = PBXBuildFile; fileRef = 5660ADC616FE7B7900689225 /* CCSpriteFrameCache.m */; };
		5660ADCA16FE7B7A00689225 /* CCTexture2D.m in Sources */ = {isa = PBXBuildFile; fileRef = 5660ADC916FE7B7A00689225 /* CCTexture2D.m */; };
		5660ADCD16FE7B7A00689225 /* CCTextureAtlas.m in Sources */ = {isa = PBXBuildFile; fileRef = 5660ADCC16FE7B7A00689225 /* CCTextureAtlas.m */; };
		5660ADD016FE7B7A00689225 /* CCTextureCache.m in Sources */ = {isa = PBXBuildFile; fileRef = 5660ADCF16FE7B7A00689225 /* CCTextureCache.m */; };
		5660ADD316FE7B7A00689225 /* CCTexturePVR.m in Sources */ = {isa = PBXBuildFile; fileRef = 5660ADD216FE7B7A00689225 /* CCTexturePVR.m */; };
		5660ADD616FE7B7A00689225 /* CCTileMapAtlas.m in Sources */ = {isa = PBXBuildFile; fileRef = 5660ADD516FE7B7A00689225 /* CCTileMapAtlas.m */; };
		5660ADD916FE7B7A00689225 /* CCTMXLayer.m in Sources */ = {isa = PBXBuildFile; fileRef = 5660ADD816FE7B7A00689225 /* CCTMXLayer.m */; };
		5660ADDC16FE7B7A00689225 /* CCTMXObjectGroup.m in Sources */ = {isa = PBXBuildFile; fileRef = 5660ADDB16FE7B7A00689225 /* CCTMXObjectGroup.m */; };
		5660ADDF16FE7B7A00689225 /* CCTMXTiledMap.m in Sources */ = {isa = PBXBuildFile; fileRef = 5660ADDE16FE7B7A00689225 /* CCTMXTiledMap.m */; };
		5660ADE216FE7B7A00689225 /* CCTMXXMLParser.m in Sources */ = {isa = PBXBuildFile; fileRef = 5660ADE116FE7B7A00689225 /* CCTMXXMLParser.m */; };
		5660ADE516FE7B7A00689225 /* CCTransition.m in Sources */ = {isa = PBXBuildFile; fileRef = 5660ADE416FE7B7A00689225 /* CCTransition.m */; };
		5660ADE816FE7B7A00689225 /* CCTransitionPageTurn.m in Sources */ = {isa = PBXBuildFile; fileRef = 5660ADE716FE7B7A00689225 /* CCTransitionPageTurn.m */; };
		5660ADEB16FE7B7A00689225 /* CCTransitionRadial.m in Sources */ = {isa = PBXBuildFile; fileRef = 5660ADEA16FE7B7A00689225 /* CCTransitionRadial.m */; };
		5660ADEF16FE7B7A00689225 /* cocos2d.m in Sources */ = {isa = PBXBuildFile; fileRef = 5660ADEE16FE7B7A00689225 /* cocos2d.m */; };
		5660ADF616FE7B7A00689225 /* CCDirectorIOS.m in Sources */ = {isa = PBXBuildFile; fileRef = 5660ADF516FE7B7A00689225 /* CCDirectorIOS.m */; };
		5660ADFA16FE7B7A00689225 /* CCTouchDispatcher.m in Sources */ = {isa = PBXBuildFile; fileRef = 5660ADF916FE7B7A00689225 /* CCTouchDispatcher.m */; };
		5660ADFD16FE7B7A00689225 /* CCTouchHandler.m in Sources */ = {isa = PBXBuildFile; fileRef = 5660ADFC16FE7B7A00689225 /* CCTouchHandler.m */; };
		5660AE0016FE7B7A00689225 /* EAGLView.m in Sources */ = {isa = PBXBuildFile; fileRef = 5660ADFF16FE7B7A00689225 /* EAGLView.m */; };
		5660AE0316FE7B7A00689225 /* ES1Renderer.m in Sources */ = {isa = PBXBuildFile; fileRef = 5660AE0216FE7B7A00689225 /* ES1Renderer.m */; };
		5660AE0616FE7B7A00689225 /* glu.c in Sources */ = {isa = PBXBuildFile; fileRef = 5660AE0516FE7B7A00689225 /* glu.c */; };
		5660AE0B16FE7B7A00689225 /* CCDirectorMac.m in Sources */ = {isa = PBXBuildFile; fileRef = 5660AE0A16FE7B7A00689225 /* CCDirectorMac.m */; };
		5660AE0E16FE7B7A00689225 /* CCEventDispatcher.m in Sources */ = {isa = PBXBuildFile; fileRef = 5660AE0D16FE7B7A00689225 /* CCEventDispatcher.m */; };
		5660AE1116FE7B7A00689225 /* MacGLView.m in Sources */ = {isa = PBXBuildFile; fileRef = 5660AE1016FE7B7A00689225 /* MacGLView.m */; };
		5660AE1416FE7B7A00689225 /* MacWindow.m in Sources */ = {isa = PBXBuildFile; fileRef = 5660AE1316FE7B7A00689225 /* MacWindow.m */; };
		5660AE1716FE7B7A00689225 /* base64.c in Sources */ = {isa = PBXBuildFile; fileRef = 5660AE1616FE7B7A00689225 /* base64.c */; };
		5660AE1B16FE7B7A00689225 /* CCArray.m in Sources */ = {isa = PBXBuildFile; fileRef = 5660AE1A16FE7B7A00689225 /* CCArray.m */; };
		5660AE1F16FE7B7A00689225 /* CCFileUtils.m in Sources */ = {isa = PBXBuildFile; fileRef = 5660AE1E16FE7B7A00689225 /* CCFileUtils.m */; };
		5660AE2216FE7B7A00689225 /* CCProfiling.m in Sources */ = {isa = PBXBuildFile; fileRef = 5660AE2116FE7B7A00689225 /* CCProfiling.m */; };
		5660AE2416FE7B7A00689225 /* ccUtils.c in Sources */ = {isa = PBXBuildFile; fileRef = 5660AE2316FE7B7A00689225 /* ccUtils.c */; };
		5660AE2816FE7B7A00689225 /* CGPointExtension.m in Sources */ = {isa = PBXBuildFile; fileRef = 5660AE2716FE7B7A00689225 /* CGPointExtension.m */; };
		5660AE2C16FE7B7A00689225 /* TGAlib.m in Sources */ = {isa = PBXBuildFile; fileRef = 5660AE2B16FE7B7A00689225 /* TGAlib.m */; };
		5660AE2F16FE7B7A00689225 /* TransformUtils.m in Sources */ = {isa = PBXBuildFile; fileRef = 5660AE2E16FE7B7A00689225 /* TransformUtils.m */; };
		5660AE3416FE7B7A00689225 /* ZipUtils.m in Sources */ = {isa = PBXBuildFile; fileRef = 5660AE3316FE7B7A00689225 /* ZipUtils.m */; };
		5660AE3916FE7B7A00689225 /* CDAudioManager.m in Sources */ = {isa = PBXBuildFile; fileRef = 5660AE3816FE7B7A00689225 /* CDAudioManager.m */; };
		5660AE3D16FE7B7A00689225 /* CDOpenALSupport.m in Sources */ = {isa = PBXBuildFile; fileRef = 5660AE3C16FE7B7A00689225 /* CDOpenALSupport.m */; };
		5660AE4016FE7B7A00689225 /* CocosDenshion.m in Sources */ = {isa = PBXBuildFile; fileRef = 5660AE3F16FE7B7A00689225 /* CocosDenshion.m */; };
		5660AE4316FE7B7A00689225 /* SimpleAudioEngine.m in Sources */ = {isa = PBXBuildFile; fileRef = 5660AE4216FE7B7A00689225 /* SimpleAudioEngine.m */; };
		5660AE4816FE7B7A00689225 /* CLScoreServerPost.m in Sources */ = {isa = PBXBuildFile; fileRef = 5660AE4716FE7B7A00689225 /* CLScoreServerPost.m */; };
		5660AE4B16FE7B7A00689225 /* CLScoreServerRequest.m in Sources */ = {isa = PBXBuildFile; fileRef = 5660AE4A16FE7B7A00689225 /* CLScoreServerRequest.m */; };
		5660AE4E16FE7B7A00689225 /* cocoslive.m in Sources */ = {isa = PBXBuildFile; fileRef = 5660AE4D16FE7B7A00689225 /* cocoslive.m */; };
		5660AE5316FE7B7A00689225 /* CDataScanner.m in Sources */ = {isa = PBXBuildFile; fileRef = 5660AE5216FE7B7A00689225 /* CDataScanner.m */; };
		5660AE5716FE7B7A00689225 /* CDataScanner_Extensions.m in Sources */ = {isa = PBXBuildFile; fileRef = 5660AE5616FE7B7A00689225 /* CDataScanner_Extensions.m */; };
		5660AE5A16FE7B7A00689225 /* NSDictionary_JSONExtensions.m in Sources */ = {isa = PBXBuildFile; fileRef = 5660AE5916FE7B7A00689225 /* NSDictionary_JSONExtensions.m */; };
		5660AE5E16FE7B7A00689225 /* CJSONDeserializer.m in Sources */ = {isa = PBXBuildFile; fileRef = 5660AE5D16FE7B7A00689225 /* CJSONDeserializer.m */; };
		5660AE6116FE7B7A00689225 /* CJSONScanner.m in Sources */ = {isa = PBXBuildFile; fileRef = 5660AE6016FE7B7A00689225 /* CJSONScanner.m */; };
		5660AE6416FE7B7A00689225 /* CJSONSerializer.m in Sources */ = {isa = PBXBuildFile; fileRef = 5660AE6316FE7B7A00689225 /* CJSONSerializer.m */; };
		5660AE6916FE7B7A00689225 /* FontLabel.m in Sources */ = {isa = PBXBuildFile; fileRef = 5660AE6816FE7B7A00689225 /* FontLabel.m */; };
		5660AE6C16FE7B7A00689225 /* FontLabelStringDrawing.m in Sources */ = {isa = PBXBuildFile; fileRef = 5660AE6B16FE7B7A00689225 /* FontLabelStringDrawing.m */; };
		5660AE6F16FE7B7A00689225 /* FontManager.m in Sources */ = {isa = PBXBuildFile; fileRef = 5660AE6E16FE7B7A00689225 /* FontManager.m */; };
		5660AE7216FE7B7B00689225 /* ZAttributedString.m in Sources */ = {isa = PBXBuildFile; fileRef = 5660AE7116FE7B7B00689225 /* ZAttributedString.m */; };
		5660AE7616FE7B7B00689225 /* ZFont.m in Sources */ = {isa = PBXBuildFile; fileRef = 5660AE7516FE7B7B00689225 /* ZFont.m */; };
		5660AE7B16FE7B7B00689225 /* main.m in Sources */ = {isa = PBXBuildFile; fileRef = 5660AE7A16FE7B7B00689225 /* main.m */; };
		5660AE7E16FE7B7B00689225 /* AppDelegate.m in Sources */ = {isa = PBXBuildFile; fileRef = 5660AE7D16FE7B7B00689225 /* AppDelegate.m */; };
		5660AE8116FE7B7B00689225 /* RootViewController.m in Sources */ = {isa = PBXBuildFile; fileRef = 5660AE8016FE7B7B00689225 /* RootViewController.m */; };
		5660AE8416FE7B7B00689225 /* HelloWorldLayer.m in Sources */ = {isa = PBXBuildFile; fileRef = 5660AE8316FE7B7B00689225 /* HelloWorldLayer.m */; };
		5660AE8D16FE80A900689225 /* CCScreenhot.m in Sources */ = {isa = PBXBuildFile; fileRef = 5660AE8B16FE80A900689225 /* CCScreenhot.m */; };
		5660AE9216FEB80C00689225 /* AssetsLibrary.framework in Frameworks */ = {isa = PBXBuildFile; fileRef = 5660AE9116FEB80C00689225 /* AssetsLibrary.framework */; };
/* End PBXBuildFile section */

/* Begin PBXFileReference section */
		5660AD1716FE7B7800689225 /* CCScreenshot_Cocos2D.app */ = {isa = PBXFileReference; explicitFileType = wrapper.application; includeInIndex = 0; path = CCScreenshot_Cocos2D.app; sourceTree = BUILT_PRODUCTS_DIR; };
		5660AD1A16FE7B7800689225 /* QuartzCore.framework */ = {isa = PBXFileReference; lastKnownFileType = wrapper.framework; name = QuartzCore.framework; path = System/Library/Frameworks/QuartzCore.framework; sourceTree = SDKROOT; };
		5660AD1C16FE7B7800689225 /* OpenGLES.framework */ = {isa = PBXFileReference; lastKnownFileType = wrapper.framework; name = OpenGLES.framework; path = System/Library/Frameworks/OpenGLES.framework; sourceTree = SDKROOT; };
		5660AD1E16FE7B7800689225 /* OpenAL.framework */ = {isa = PBXFileReference; lastKnownFileType = wrapper.framework; name = OpenAL.framework; path = System/Library/Frameworks/OpenAL.framework; sourceTree = SDKROOT; };
		5660AD2016FE7B7800689225 /* AudioToolbox.framework */ = {isa = PBXFileReference; lastKnownFileType = wrapper.framework; name = AudioToolbox.framework; path = System/Library/Frameworks/AudioToolbox.framework; sourceTree = SDKROOT; };
		5660AD2216FE7B7800689225 /* AVFoundation.framework */ = {isa = PBXFileReference; lastKnownFileType = wrapper.framework; name = AVFoundation.framework; path = System/Library/Frameworks/AVFoundation.framework; sourceTree = SDKROOT; };
		5660AD2416FE7B7800689225 /* UIKit.framework */ = {isa = PBXFileReference; lastKnownFileType = wrapper.framework; name = UIKit.framework; path = System/Library/Frameworks/UIKit.framework; sourceTree = SDKROOT; };
		5660AD2616FE7B7800689225 /* Foundation.framework */ = {isa = PBXFileReference; lastKnownFileType = wrapper.framework; name = Foundation.framework; path = System/Library/Frameworks/Foundation.framework; sourceTree = SDKROOT; };
		5660AD2816FE7B7900689225 /* CoreGraphics.framework */ = {isa = PBXFileReference; lastKnownFileType = wrapper.framework; name = CoreGraphics.framework; path = System/Library/Frameworks/CoreGraphics.framework; sourceTree = SDKROOT; };
		5660AD2C16FE7B7900689225 /* Default.png */ = {isa = PBXFileReference; lastKnownFileType = image.png; name = Default.png; path = Resources/Default.png; sourceTree = "<group>"; };
		5660AD2E16FE7B7900689225 /* fps_images.png */ = {isa = PBXFileReference; lastKnownFileType = image.png; name = fps_images.png; path = Resources/fps_images.png; sourceTree = "<group>"; };
		5660AD3016FE7B7900689225 /* Icon-72.png */ = {isa = PBXFileReference; lastKnownFileType = image.png; name = "Icon-72.png"; path = "Resources/Icon-72.png"; sourceTree = "<group>"; };
		5660AD3216FE7B7900689225 /* Icon-Small-50.png */ = {isa = PBXFileReference; lastKnownFileType = image.png; name = "Icon-Small-50.png"; path = "Resources/Icon-Small-50.png"; sourceTree = "<group>"; };
		5660AD3416FE7B7900689225 /* Icon-Small.png */ = {isa = PBXFileReference; lastKnownFileType = image.png; name = "Icon-Small.png"; path = "Resources/Icon-Small.png"; sourceTree = "<group>"; };
		5660AD3616FE7B7900689225 /* Icon-Small@2x.png */ = {isa = PBXFileReference; lastKnownFileType = image.png; name = "Icon-Small@2x.png"; path = "Resources/Icon-Small@2x.png"; sourceTree = "<group>"; };
		5660AD3816FE7B7900689225 /* Icon.png */ = {isa = PBXFileReference; lastKnownFileType = image.png; name = Icon.png; path = Resources/Icon.png; sourceTree = "<group>"; };
		5660AD3A16FE7B7900689225 /* Icon@2x.png */ = {isa = PBXFileReference; lastKnownFileType = image.png; name = "Icon@2x.png"; path = "Resources/Icon@2x.png"; sourceTree = "<group>"; };
		5660AD3C16FE7B7900689225 /* Info.plist */ = {isa = PBXFileReference; lastKnownFileType = text.plist.xml; name = Info.plist; path = Resources/Info.plist; sourceTree = "<group>"; };
		5660AD3D16FE7B7900689225 /* iTunesArtwork */ = {isa = PBXFileReference; lastKnownFileType = file; name = iTunesArtwork; path = Resources/iTunesArtwork; sourceTree = "<group>"; };
		5660AD4116FE7B7900689225 /* CCAction.h */ = {isa = PBXFileReference; lastKnownFileType = sourcecode.c.h; name = CCAction.h; path = libs/cocos2d/CCAction.h; sourceTree = "<group>"; };
		5660AD4216FE7B7900689225 /* CCAction.m */ = {isa = PBXFileReference; lastKnownFileType = sourcecode.c.objc; name = CCAction.m; path = libs/cocos2d/CCAction.m; sourceTree = "<group>"; };
		5660AD4416FE7B7900689225 /* CCActionCamera.h */ = {isa = PBXFileReference; lastKnownFileType = sourcecode.c.h; name = CCActionCamera.h; path = libs/cocos2d/CCActionCamera.h; sourceTree = "<group>"; };
		5660AD4516FE7B7900689225 /* CCActionCamera.m */ = {isa = PBXFileReference; lastKnownFileType = sourcecode.c.objc; name = CCActionCamera.m; path = libs/cocos2d/CCActionCamera.m; sourceTree = "<group>"; };
		5660AD4716FE7B7900689225 /* CCActionEase.h */ = {isa = PBXFileReference; lastKnownFileType = sourcecode.c.h; name = CCActionEase.h; path = libs/cocos2d/CCActionEase.h; sourceTree = "<group>"; };
		5660AD4816FE7B7900689225 /* CCActionEase.m */ = {isa = PBXFileReference; lastKnownFileType = sourcecode.c.objc; name = CCActionEase.m; path = libs/cocos2d/CCActionEase.m; sourceTree = "<group>"; };
		5660AD4A16FE7B7900689225 /* CCActionGrid.h */ = {isa = PBXFileReference; lastKnownFileType = sourcecode.c.h; name = CCActionGrid.h; path = libs/cocos2d/CCActionGrid.h; sourceTree = "<group>"; };
		5660AD4B16FE7B7900689225 /* CCActionGrid.m */ = {isa = PBXFileReference; lastKnownFileType = sourcecode.c.objc; name = CCActionGrid.m; path = libs/cocos2d/CCActionGrid.m; sourceTree = "<group>"; };
		5660AD4D16FE7B7900689225 /* CCActionGrid3D.h */ = {isa = PBXFileReference; lastKnownFileType = sourcecode.c.h; name = CCActionGrid3D.h; path = libs/cocos2d/CCActionGrid3D.h; sourceTree = "<group>"; };
		5660AD4E16FE7B7900689225 /* CCActionGrid3D.m */ = {isa = PBXFileReference; lastKnownFileType = sourcecode.c.objc; name = CCActionGrid3D.m; path = libs/cocos2d/CCActionGrid3D.m; sourceTree = "<group>"; };
		5660AD5016FE7B7900689225 /* CCActionInstant.h */ = {isa = PBXFileReference; lastKnownFileType = sourcecode.c.h; name = CCActionInstant.h; path = libs/cocos2d/CCActionInstant.h; sourceTree = "<group>"; };
		5660AD5116FE7B7900689225 /* CCActionInstant.m */ = {isa = PBXFileReference; lastKnownFileType = sourcecode.c.objc; name = CCActionInstant.m; path = libs/cocos2d/CCActionInstant.m; sourceTree = "<group>"; };
		5660AD5316FE7B7900689225 /* CCActionInterval.h */ = {isa = PBXFileReference; lastKnownFileType = sourcecode.c.h; name = CCActionInterval.h; path = libs/cocos2d/CCActionInterval.h; sourceTree = "<group>"; };
		5660AD5416FE7B7900689225 /* CCActionInterval.m */ = {isa = PBXFileReference; lastKnownFileType = sourcecode.c.objc; name = CCActionInterval.m; path = libs/cocos2d/CCActionInterval.m; sourceTree = "<group>"; };
		5660AD5616FE7B7900689225 /* CCActionManager.h */ = {isa = PBXFileReference; lastKnownFileType = sourcecode.c.h; name = CCActionManager.h; path = libs/cocos2d/CCActionManager.h; sourceTree = "<group>"; };
		5660AD5716FE7B7900689225 /* CCActionManager.m */ = {isa = PBXFileReference; lastKnownFileType = sourcecode.c.objc; name = CCActionManager.m; path = libs/cocos2d/CCActionManager.m; sourceTree = "<group>"; };
		5660AD5916FE7B7900689225 /* CCActionPageTurn3D.h */ = {isa = PBXFileReference; lastKnownFileType = sourcecode.c.h; name = CCActionPageTurn3D.h; path = libs/cocos2d/CCActionPageTurn3D.h; sourceTree = "<group>"; };
		5660AD5A16FE7B7900689225 /* CCActionPageTurn3D.m */ = {isa = PBXFileReference; lastKnownFileType = sourcecode.c.objc; name = CCActionPageTurn3D.m; path = libs/cocos2d/CCActionPageTurn3D.m; sourceTree = "<group>"; };
		5660AD5C16FE7B7900689225 /* CCActionProgressTimer.h */ = {isa = PBXFileReference; lastKnownFileType = sourcecode.c.h; name = CCActionProgressTimer.h; path = libs/cocos2d/CCActionProgressTimer.h; sourceTree = "<group>"; };
		5660AD5D16FE7B7900689225 /* CCActionProgressTimer.m */ = {isa = PBXFileReference; lastKnownFileType = sourcecode.c.objc; name = CCActionProgressTimer.m; path = libs/cocos2d/CCActionProgressTimer.m; sourceTree = "<group>"; };
		5660AD5F16FE7B7900689225 /* CCActionTiledGrid.h */ = {isa = PBXFileReference; lastKnownFileType = sourcecode.c.h; name = CCActionTiledGrid.h; path = libs/cocos2d/CCActionTiledGrid.h; sourceTree = "<group>"; };
		5660AD6016FE7B7900689225 /* CCActionTiledGrid.m */ = {isa = PBXFileReference; lastKnownFileType = sourcecode.c.objc; name = CCActionTiledGrid.m; path = libs/cocos2d/CCActionTiledGrid.m; sourceTree = "<group>"; };
		5660AD6216FE7B7900689225 /* CCActionTween.h */ = {isa = PBXFileReference; lastKnownFileType = sourcecode.c.h; name = CCActionTween.h; path = libs/cocos2d/CCActionTween.h; sourceTree = "<group>"; };
		5660AD6316FE7B7900689225 /* CCActionTween.m */ = {isa = PBXFileReference; lastKnownFileType = sourcecode.c.objc; name = CCActionTween.m; path = libs/cocos2d/CCActionTween.m; sourceTree = "<group>"; };
		5660AD6516FE7B7900689225 /* CCAnimation.h */ = {isa = PBXFileReference; lastKnownFileType = sourcecode.c.h; name = CCAnimation.h; path = libs/cocos2d/CCAnimation.h; sourceTree = "<group>"; };
		5660AD6616FE7B7900689225 /* CCAnimation.m */ = {isa = PBXFileReference; lastKnownFileType = sourcecode.c.objc; name = CCAnimation.m; path = libs/cocos2d/CCAnimation.m; sourceTree = "<group>"; };
		5660AD6816FE7B7900689225 /* CCAnimationCache.h */ = {isa = PBXFileReference; lastKnownFileType = sourcecode.c.h; name = CCAnimationCache.h; path = libs/cocos2d/CCAnimationCache.h; sourceTree = "<group>"; };
		5660AD6916FE7B7900689225 /* CCAnimationCache.m */ = {isa = PBXFileReference; lastKnownFileType = sourcecode.c.objc; name = CCAnimationCache.m; path = libs/cocos2d/CCAnimationCache.m; sourceTree = "<group>"; };
		5660AD6B16FE7B7900689225 /* CCAtlasNode.h */ = {isa = PBXFileReference; lastKnownFileType = sourcecode.c.h; name = CCAtlasNode.h; path = libs/cocos2d/CCAtlasNode.h; sourceTree = "<group>"; };
		5660AD6C16FE7B7900689225 /* CCAtlasNode.m */ = {isa = PBXFileReference; lastKnownFileType = sourcecode.c.objc; name = CCAtlasNode.m; path = libs/cocos2d/CCAtlasNode.m; sourceTree = "<group>"; };
		5660AD6E16FE7B7900689225 /* CCBlockSupport.h */ = {isa = PBXFileReference; lastKnownFileType = sourcecode.c.h; name = CCBlockSupport.h; path = libs/cocos2d/CCBlockSupport.h; sourceTree = "<group>"; };
		5660AD6F16FE7B7900689225 /* CCBlockSupport.m */ = {isa = PBXFileReference; lastKnownFileType = sourcecode.c.objc; name = CCBlockSupport.m; path = libs/cocos2d/CCBlockSupport.m; sourceTree = "<group>"; };
		5660AD7116FE7B7900689225 /* CCCamera.h */ = {isa = PBXFileReference; lastKnownFileType = sourcecode.c.h; name = CCCamera.h; path = libs/cocos2d/CCCamera.h; sourceTree = "<group>"; };
		5660AD7216FE7B7900689225 /* CCCamera.m */ = {isa = PBXFileReference; lastKnownFileType = sourcecode.c.objc; name = CCCamera.m; path = libs/cocos2d/CCCamera.m; sourceTree = "<group>"; };
		5660AD7416FE7B7900689225 /* ccConfig.h */ = {isa = PBXFileReference; lastKnownFileType = sourcecode.c.h; name = ccConfig.h; path = libs/cocos2d/ccConfig.h; sourceTree = "<group>"; };
		5660AD7516FE7B7900689225 /* CCConfiguration.h */ = {isa = PBXFileReference; lastKnownFileType = sourcecode.c.h; name = CCConfiguration.h; path = libs/cocos2d/CCConfiguration.h; sourceTree = "<group>"; };
		5660AD7616FE7B7900689225 /* CCConfiguration.m */ = {isa = PBXFileReference; lastKnownFileType = sourcecode.c.objc; name = CCConfiguration.m; path = libs/cocos2d/CCConfiguration.m; sourceTree = "<group>"; };
		5660AD7816FE7B7900689225 /* CCDirector.h */ = {isa = PBXFileReference; lastKnownFileType = sourcecode.c.h; name = CCDirector.h; path = libs/cocos2d/CCDirector.h; sourceTree = "<group>"; };
		5660AD7916FE7B7900689225 /* CCDirector.m */ = {isa = PBXFileReference; lastKnownFileType = sourcecode.c.objc; name = CCDirector.m; path = libs/cocos2d/CCDirector.m; sourceTree = "<group>"; };
		5660AD7B16FE7B7900689225 /* CCDrawingPrimitives.h */ = {isa = PBXFileReference; lastKnownFileType = sourcecode.c.h; name = CCDrawingPrimitives.h; path = libs/cocos2d/CCDrawingPrimitives.h; sourceTree = "<group>"; };
		5660AD7C16FE7B7900689225 /* CCDrawingPrimitives.m */ = {isa = PBXFileReference; lastKnownFileType = sourcecode.c.objc; name = CCDrawingPrimitives.m; path = libs/cocos2d/CCDrawingPrimitives.m; sourceTree = "<group>"; };
		5660AD7E16FE7B7900689225 /* CCGrabber.h */ = {isa = PBXFileReference; lastKnownFileType = sourcecode.c.h; name = CCGrabber.h; path = libs/cocos2d/CCGrabber.h; sourceTree = "<group>"; };
		5660AD7F16FE7B7900689225 /* CCGrabber.m */ = {isa = PBXFileReference; lastKnownFileType = sourcecode.c.objc; name = CCGrabber.m; path = libs/cocos2d/CCGrabber.m; sourceTree = "<group>"; };
		5660AD8116FE7B7900689225 /* CCGrid.h */ = {isa = PBXFileReference; lastKnownFileType = sourcecode.c.h; name = CCGrid.h; path = libs/cocos2d/CCGrid.h; sourceTree = "<group>"; };
		5660AD8216FE7B7900689225 /* CCGrid.m */ = {isa = PBXFileReference; lastKnownFileType = sourcecode.c.objc; name = CCGrid.m; path = libs/cocos2d/CCGrid.m; sourceTree = "<group>"; };
		5660AD8416FE7B7900689225 /* CCLabelAtlas.h */ = {isa = PBXFileReference; lastKnownFileType = sourcecode.c.h; name = CCLabelAtlas.h; path = libs/cocos2d/CCLabelAtlas.h; sourceTree = "<group>"; };
		5660AD8516FE7B7900689225 /* CCLabelAtlas.m */ = {isa = PBXFileReference; lastKnownFileType = sourcecode.c.objc; name = CCLabelAtlas.m; path = libs/cocos2d/CCLabelAtlas.m; sourceTree = "<group>"; };
		5660AD8716FE7B7900689225 /* CCLabelBMFont.h */ = {isa = PBXFileReference; lastKnownFileType = sourcecode.c.h; name = CCLabelBMFont.h; path = libs/cocos2d/CCLabelBMFont.h; sourceTree = "<group>"; };
		5660AD8816FE7B7900689225 /* CCLabelBMFont.m */ = {isa = PBXFileReference; lastKnownFileType = sourcecode.c.objc; name = CCLabelBMFont.m; path = libs/cocos2d/CCLabelBMFont.m; sourceTree = "<group>"; };
		5660AD8A16FE7B7900689225 /* CCLabelTTF.h */ = {isa = PBXFileReference; lastKnownFileType = sourcecode.c.h; name = CCLabelTTF.h; path = libs/cocos2d/CCLabelTTF.h; sourceTree = "<group>"; };
		5660AD8B16FE7B7900689225 /* CCLabelTTF.m */ = {isa = PBXFileReference; lastKnownFileType = sourcecode.c.objc; name = CCLabelTTF.m; path = libs/cocos2d/CCLabelTTF.m; sourceTree = "<group>"; };
		5660AD8D16FE7B7900689225 /* CCLayer.h */ = {isa = PBXFileReference; lastKnownFileType = sourcecode.c.h; name = CCLayer.h; path = libs/cocos2d/CCLayer.h; sourceTree = "<group>"; };
		5660AD8E16FE7B7900689225 /* CCLayer.m */ = {isa = PBXFileReference; lastKnownFileType = sourcecode.c.objc; name = CCLayer.m; path = libs/cocos2d/CCLayer.m; sourceTree = "<group>"; };
		5660AD9016FE7B7900689225 /* ccMacros.h */ = {isa = PBXFileReference; lastKnownFileType = sourcecode.c.h; name = ccMacros.h; path = libs/cocos2d/ccMacros.h; sourceTree = "<group>"; };
		5660AD9116FE7B7900689225 /* CCMenu.h */ = {isa = PBXFileReference; lastKnownFileType = sourcecode.c.h; name = CCMenu.h; path = libs/cocos2d/CCMenu.h; sourceTree = "<group>"; };
		5660AD9216FE7B7900689225 /* CCMenu.m */ = {isa = PBXFileReference; lastKnownFileType = sourcecode.c.objc; name = CCMenu.m; path = libs/cocos2d/CCMenu.m; sourceTree = "<group>"; };
		5660AD9416FE7B7900689225 /* CCMenuItem.h */ = {isa = PBXFileReference; lastKnownFileType = sourcecode.c.h; name = CCMenuItem.h; path = libs/cocos2d/CCMenuItem.h; sourceTree = "<group>"; };
		5660AD9516FE7B7900689225 /* CCMenuItem.m */ = {isa = PBXFileReference; lastKnownFileType = sourcecode.c.objc; name = CCMenuItem.m; path = libs/cocos2d/CCMenuItem.m; sourceTree = "<group>"; };
		5660AD9716FE7B7900689225 /* CCMotionStreak.h */ = {isa = PBXFileReference; lastKnownFileType = sourcecode.c.h; name = CCMotionStreak.h; path = libs/cocos2d/CCMotionStreak.h; sourceTree = "<group>"; };
		5660AD9816FE7B7900689225 /* CCMotionStreak.m */ = {isa = PBXFileReference; lastKnownFileType = sourcecode.c.objc; name = CCMotionStreak.m; path = libs/cocos2d/CCMotionStreak.m; sourceTree = "<group>"; };
		5660AD9A16FE7B7900689225 /* CCNode.h */ = {isa = PBXFileReference; lastKnownFileType = sourcecode.c.h; name = CCNode.h; path = libs/cocos2d/CCNode.h; sourceTree = "<group>"; };
		5660AD9B16FE7B7900689225 /* CCNode.m */ = {isa = PBXFileReference; lastKnownFileType = sourcecode.c.objc; name = CCNode.m; path = libs/cocos2d/CCNode.m; sourceTree = "<group>"; };
		5660AD9D16FE7B7900689225 /* CCParallaxNode.h */ = {isa = PBXFileReference; lastKnownFileType = sourcecode.c.h; name = CCParallaxNode.h; path = libs/cocos2d/CCParallaxNode.h; sourceTree = "<group>"; };
		5660AD9E16FE7B7900689225 /* CCParallaxNode.m */ = {isa = PBXFileReference; lastKnownFileType = sourcecode.c.objc; name = CCParallaxNode.m; path = libs/cocos2d/CCParallaxNode.m; sourceTree = "<group>"; };
		5660ADA016FE7B7900689225 /* CCParticleExamples.h */ = {isa = PBXFileReference; lastKnownFileType = sourcecode.c.h; name = CCParticleExamples.h; path = libs/cocos2d/CCParticleExamples.h; sourceTree = "<group>"; };
		5660ADA116FE7B7900689225 /* CCParticleExamples.m */ = {isa = PBXFileReference; lastKnownFileType = sourcecode.c.objc; name = CCParticleExamples.m; path = libs/cocos2d/CCParticleExamples.m; sourceTree = "<group>"; };
		5660ADA316FE7B7900689225 /* CCParticleSystem.h */ = {isa = PBXFileReference; lastKnownFileType = sourcecode.c.h; name = CCParticleSystem.h; path = libs/cocos2d/CCParticleSystem.h; sourceTree = "<group>"; };
		5660ADA416FE7B7900689225 /* CCParticleSystem.m */ = {isa = PBXFileReference; lastKnownFileType = sourcecode.c.objc; name = CCParticleSystem.m; path = libs/cocos2d/CCParticleSystem.m; sourceTree = "<group>"; };
		5660ADA616FE7B7900689225 /* CCParticleSystemPoint.h */ = {isa = PBXFileReference; lastKnownFileType = sourcecode.c.h; name = CCParticleSystemPoint.h; path = libs/cocos2d/CCParticleSystemPoint.h; sourceTree = "<group>"; };
		5660ADA716FE7B7900689225 /* CCParticleSystemPoint.m */ = {isa = PBXFileReference; lastKnownFileType = sourcecode.c.objc; name = CCParticleSystemPoint.m; path = libs/cocos2d/CCParticleSystemPoint.m; sourceTree = "<group>"; };
		5660ADA916FE7B7900689225 /* CCParticleSystemQuad.h */ = {isa = PBXFileReference; lastKnownFileType = sourcecode.c.h; name = CCParticleSystemQuad.h; path = libs/cocos2d/CCParticleSystemQuad.h; sourceTree = "<group>"; };
		5660ADAA16FE7B7900689225 /* CCParticleSystemQuad.m */ = {isa = PBXFileReference; lastKnownFileType = sourcecode.c.objc; name = CCParticleSystemQuad.m; path = libs/cocos2d/CCParticleSystemQuad.m; sourceTree = "<group>"; };
		5660ADAC16FE7B7900689225 /* CCProgressTimer.h */ = {isa = PBXFileReference; lastKnownFileType = sourcecode.c.h; name = CCProgressTimer.h; path = libs/cocos2d/CCProgressTimer.h; sourceTree = "<group>"; };
		5660ADAD16FE7B7900689225 /* CCProgressTimer.m */ = {isa = PBXFileReference; lastKnownFileType = sourcecode.c.objc; name = CCProgressTimer.m; path = libs/cocos2d/CCProgressTimer.m; sourceTree = "<group>"; };
		5660ADAF16FE7B7900689225 /* CCProtocols.h */ = {isa = PBXFileReference; lastKnownFileType = sourcecode.c.h; name = CCProtocols.h; path = libs/cocos2d/CCProtocols.h; sourceTree = "<group>"; };
		5660ADB016FE7B7900689225 /* CCRenderTexture.h */ = {isa = PBXFileReference; lastKnownFileType = sourcecode.c.h; name = CCRenderTexture.h; path = libs/cocos2d/CCRenderTexture.h; sourceTree = "<group>"; };
		5660ADB116FE7B7900689225 /* CCRenderTexture.m */ = {isa = PBXFileReference; lastKnownFileType = sourcecode.c.objc; name = CCRenderTexture.m; path = libs/cocos2d/CCRenderTexture.m; sourceTree = "<group>"; };
		5660ADB316FE7B7900689225 /* CCRibbon.h */ = {isa = PBXFileReference; lastKnownFileType = sourcecode.c.h; name = CCRibbon.h; path = libs/cocos2d/CCRibbon.h; sourceTree = "<group>"; };
		5660ADB416FE7B7900689225 /* CCRibbon.m */ = {isa = PBXFileReference; lastKnownFileType = sourcecode.c.objc; name = CCRibbon.m; path = libs/cocos2d/CCRibbon.m; sourceTree = "<group>"; };
		5660ADB616FE7B7900689225 /* CCScene.h */ = {isa = PBXFileReference; lastKnownFileType = sourcecode.c.h; name = CCScene.h; path = libs/cocos2d/CCScene.h; sourceTree = "<group>"; };
		5660ADB716FE7B7900689225 /* CCScene.m */ = {isa = PBXFileReference; lastKnownFileType = sourcecode.c.objc; name = CCScene.m; path = libs/cocos2d/CCScene.m; sourceTree = "<group>"; };
		5660ADB916FE7B7900689225 /* CCScheduler.h */ = {isa = PBXFileReference; lastKnownFileType = sourcecode.c.h; name = CCScheduler.h; path = libs/cocos2d/CCScheduler.h; sourceTree = "<group>"; };
		5660ADBA16FE7B7900689225 /* CCScheduler.m */ = {isa = PBXFileReference; lastKnownFileType = sourcecode.c.objc; name = CCScheduler.m; path = libs/cocos2d/CCScheduler.m; sourceTree = "<group>"; };
		5660ADBC16FE7B7900689225 /* CCSprite.h */ = {isa = PBXFileReference; lastKnownFileType = sourcecode.c.h; name = CCSprite.h; path = libs/cocos2d/CCSprite.h; sourceTree = "<group>"; };
		5660ADBD16FE7B7900689225 /* CCSprite.m */ = {isa = PBXFileReference; lastKnownFileType = sourcecode.c.objc; name = CCSprite.m; path = libs/cocos2d/CCSprite.m; sourceTree = "<group>"; };
		5660ADBF16FE7B7900689225 /* CCSpriteBatchNode.h */ = {isa = PBXFileReference; lastKnownFileType = sourcecode.c.h; name = CCSpriteBatchNode.h; path = libs/cocos2d/CCSpriteBatchNode.h; sourceTree = "<group>"; };
		5660ADC016FE7B7900689225 /* CCSpriteBatchNode.m */ = {isa = PBXFileReference; lastKnownFileType = sourcecode.c.objc; name = CCSpriteBatchNode.m; path = libs/cocos2d/CCSpriteBatchNode.m; sourceTree = "<group>"; };
		5660ADC216FE7B7900689225 /* CCSpriteFrame.h */ = {isa = PBXFileReference; lastKnownFileType = sourcecode.c.h; name = CCSpriteFrame.h; path = libs/cocos2d/CCSpriteFrame.h; sourceTree = "<group>"; };
		5660ADC316FE7B7900689225 /* CCSpriteFrame.m */ = {isa = PBXFileReference; lastKnownFileType = sourcecode.c.objc; name = CCSpriteFrame.m; path = libs/cocos2d/CCSpriteFrame.m; sourceTree = "<group>"; };
		5660ADC516FE7B7900689225 /* CCSpriteFrameCache.h */ = {isa = PBXFileReference; lastKnownFileType = sourcecode.c.h; name = CCSpriteFrameCache.h; path = libs/cocos2d/CCSpriteFrameCache.h; sourceTree = "<group>"; };
		5660ADC616FE7B7900689225 /* CCSpriteFrameCache.m */ = {isa = PBXFileReference; lastKnownFileType = sourcecode.c.objc; name = CCSpriteFrameCache.m; path = libs/cocos2d/CCSpriteFrameCache.m; sourceTree = "<group>"; };
		5660ADC816FE7B7900689225 /* CCTexture2D.h */ = {isa = PBXFileReference; lastKnownFileType = sourcecode.c.h; name = CCTexture2D.h; path = libs/cocos2d/CCTexture2D.h; sourceTree = "<group>"; };
		5660ADC916FE7B7A00689225 /* CCTexture2D.m */ = {isa = PBXFileReference; lastKnownFileType = sourcecode.c.objc; name = CCTexture2D.m; path = libs/cocos2d/CCTexture2D.m; sourceTree = "<group>"; };
		5660ADCB16FE7B7A00689225 /* CCTextureAtlas.h */ = {isa = PBXFileReference; lastKnownFileType = sourcecode.c.h; name = CCTextureAtlas.h; path = libs/cocos2d/CCTextureAtlas.h; sourceTree = "<group>"; };
		5660ADCC16FE7B7A00689225 /* CCTextureAtlas.m */ = {isa = PBXFileReference; lastKnownFileType = sourcecode.c.objc; name = CCTextureAtlas.m; path = libs/cocos2d/CCTextureAtlas.m; sourceTree = "<group>"; };
		5660ADCE16FE7B7A00689225 /* CCTextureCache.h */ = {isa = PBXFileReference; lastKnownFileType = sourcecode.c.h; name = CCTextureCache.h; path = libs/cocos2d/CCTextureCache.h; sourceTree = "<group>"; };
		5660ADCF16FE7B7A00689225 /* CCTextureCache.m */ = {isa = PBXFileReference; lastKnownFileType = sourcecode.c.objc; name = CCTextureCache.m; path = libs/cocos2d/CCTextureCache.m; sourceTree = "<group>"; };
		5660ADD116FE7B7A00689225 /* CCTexturePVR.h */ = {isa = PBXFileReference; lastKnownFileType = sourcecode.c.h; name = CCTexturePVR.h; path = libs/cocos2d/CCTexturePVR.h; sourceTree = "<group>"; };
		5660ADD216FE7B7A00689225 /* CCTexturePVR.m */ = {isa = PBXFileReference; lastKnownFileType = sourcecode.c.objc; name = CCTexturePVR.m; path = libs/cocos2d/CCTexturePVR.m; sourceTree = "<group>"; };
		5660ADD416FE7B7A00689225 /* CCTileMapAtlas.h */ = {isa = PBXFileReference; lastKnownFileType = sourcecode.c.h; name = CCTileMapAtlas.h; path = libs/cocos2d/CCTileMapAtlas.h; sourceTree = "<group>"; };
		5660ADD516FE7B7A00689225 /* CCTileMapAtlas.m */ = {isa = PBXFileReference; lastKnownFileType = sourcecode.c.objc; name = CCTileMapAtlas.m; path = libs/cocos2d/CCTileMapAtlas.m; sourceTree = "<group>"; };
		5660ADD716FE7B7A00689225 /* CCTMXLayer.h */ = {isa = PBXFileReference; lastKnownFileType = sourcecode.c.h; name = CCTMXLayer.h; path = libs/cocos2d/CCTMXLayer.h; sourceTree = "<group>"; };
		5660ADD816FE7B7A00689225 /* CCTMXLayer.m */ = {isa = PBXFileReference; lastKnownFileType = sourcecode.c.objc; name = CCTMXLayer.m; path = libs/cocos2d/CCTMXLayer.m; sourceTree = "<group>"; };
		5660ADDA16FE7B7A00689225 /* CCTMXObjectGroup.h */ = {isa = PBXFileReference; lastKnownFileType = sourcecode.c.h; name = CCTMXObjectGroup.h; path = libs/cocos2d/CCTMXObjectGroup.h; sourceTree = "<group>"; };
		5660ADDB16FE7B7A00689225 /* CCTMXObjectGroup.m */ = {isa = PBXFileReference; lastKnownFileType = sourcecode.c.objc; name = CCTMXObjectGroup.m; path = libs/cocos2d/CCTMXObjectGroup.m; sourceTree = "<group>"; };
		5660ADDD16FE7B7A00689225 /* CCTMXTiledMap.h */ = {isa = PBXFileReference; lastKnownFileType = sourcecode.c.h; name = CCTMXTiledMap.h; path = libs/cocos2d/CCTMXTiledMap.h; sourceTree = "<group>"; };
		5660ADDE16FE7B7A00689225 /* CCTMXTiledMap.m */ = {isa = PBXFileReference; lastKnownFileType = sourcecode.c.objc; name = CCTMXTiledMap.m; path = libs/cocos2d/CCTMXTiledMap.m; sourceTree = "<group>"; };
		5660ADE016FE7B7A00689225 /* CCTMXXMLParser.h */ = {isa = PBXFileReference; lastKnownFileType = sourcecode.c.h; name = CCTMXXMLParser.h; path = libs/cocos2d/CCTMXXMLParser.h; sourceTree = "<group>"; };
		5660ADE116FE7B7A00689225 /* CCTMXXMLParser.m */ = {isa = PBXFileReference; lastKnownFileType = sourcecode.c.objc; name = CCTMXXMLParser.m; path = libs/cocos2d/CCTMXXMLParser.m; sourceTree = "<group>"; };
		5660ADE316FE7B7A00689225 /* CCTransition.h */ = {isa = PBXFileReference; lastKnownFileType = sourcecode.c.h; name = CCTransition.h; path = libs/cocos2d/CCTransition.h; sourceTree = "<group>"; };
		5660ADE416FE7B7A00689225 /* CCTransition.m */ = {isa = PBXFileReference; lastKnownFileType = sourcecode.c.objc; name = CCTransition.m; path = libs/cocos2d/CCTransition.m; sourceTree = "<group>"; };
		5660ADE616FE7B7A00689225 /* CCTransitionPageTurn.h */ = {isa = PBXFileReference; lastKnownFileType = sourcecode.c.h; name = CCTransitionPageTurn.h; path = libs/cocos2d/CCTransitionPageTurn.h; sourceTree = "<group>"; };
		5660ADE716FE7B7A00689225 /* CCTransitionPageTurn.m */ = {isa = PBXFileReference; lastKnownFileType = sourcecode.c.objc; name = CCTransitionPageTurn.m; path = libs/cocos2d/CCTransitionPageTurn.m; sourceTree = "<group>"; };
		5660ADE916FE7B7A00689225 /* CCTransitionRadial.h */ = {isa = PBXFileReference; lastKnownFileType = sourcecode.c.h; name = CCTransitionRadial.h; path = libs/cocos2d/CCTransitionRadial.h; sourceTree = "<group>"; };
		5660ADEA16FE7B7A00689225 /* CCTransitionRadial.m */ = {isa = PBXFileReference; lastKnownFileType = sourcecode.c.objc; name = CCTransitionRadial.m; path = libs/cocos2d/CCTransitionRadial.m; sourceTree = "<group>"; };
		5660ADEC16FE7B7A00689225 /* ccTypes.h */ = {isa = PBXFileReference; lastKnownFileType = sourcecode.c.h; name = ccTypes.h; path = libs/cocos2d/ccTypes.h; sourceTree = "<group>"; };
		5660ADED16FE7B7A00689225 /* cocos2d.h */ = {isa = PBXFileReference; lastKnownFileType = sourcecode.c.h; name = cocos2d.h; path = libs/cocos2d/cocos2d.h; sourceTree = "<group>"; };
		5660ADEE16FE7B7A00689225 /* cocos2d.m */ = {isa = PBXFileReference; lastKnownFileType = sourcecode.c.objc; name = cocos2d.m; path = libs/cocos2d/cocos2d.m; sourceTree = "<group>"; };
		5660ADF116FE7B7A00689225 /* CCGL.h */ = {isa = PBXFileReference; lastKnownFileType = sourcecode.c.h; name = CCGL.h; path = libs/cocos2d/Platforms/CCGL.h; sourceTree = "<group>"; };
		5660ADF216FE7B7A00689225 /* CCNS.h */ = {isa = PBXFileReference; lastKnownFileType = sourcecode.c.h; name = CCNS.h; path = libs/cocos2d/Platforms/CCNS.h; sourceTree = "<group>"; };
		5660ADF416FE7B7A00689225 /* CCDirectorIOS.h */ = {isa = PBXFileReference; lastKnownFileType = sourcecode.c.h; name = CCDirectorIOS.h; path = libs/cocos2d/Platforms/iOS/CCDirectorIOS.h; sourceTree = "<group>"; };
		5660ADF516FE7B7A00689225 /* CCDirectorIOS.m */ = {isa = PBXFileReference; lastKnownFileType = sourcecode.c.objc; name = CCDirectorIOS.m; path = libs/cocos2d/Platforms/iOS/CCDirectorIOS.m; sourceTree = "<group>"; };
		5660ADF716FE7B7A00689225 /* CCTouchDelegateProtocol.h */ = {isa = PBXFileReference; lastKnownFileType = sourcecode.c.h; name = CCTouchDelegateProtocol.h; path = libs/cocos2d/Platforms/iOS/CCTouchDelegateProtocol.h; sourceTree = "<group>"; };
		5660ADF816FE7B7A00689225 /* CCTouchDispatcher.h */ = {isa = PBXFileReference; lastKnownFileType = sourcecode.c.h; name = CCTouchDispatcher.h; path = libs/cocos2d/Platforms/iOS/CCTouchDispatcher.h; sourceTree = "<group>"; };
		5660ADF916FE7B7A00689225 /* CCTouchDispatcher.m */ = {isa = PBXFileReference; lastKnownFileType = sourcecode.c.objc; name = CCTouchDispatcher.m; path = libs/cocos2d/Platforms/iOS/CCTouchDispatcher.m; sourceTree = "<group>"; };
		5660ADFB16FE7B7A00689225 /* CCTouchHandler.h */ = {isa = PBXFileReference; lastKnownFileType = sourcecode.c.h; name = CCTouchHandler.h; path = libs/cocos2d/Platforms/iOS/CCTouchHandler.h; sourceTree = "<group>"; };
		5660ADFC16FE7B7A00689225 /* CCTouchHandler.m */ = {isa = PBXFileReference; lastKnownFileType = sourcecode.c.objc; name = CCTouchHandler.m; path = libs/cocos2d/Platforms/iOS/CCTouchHandler.m; sourceTree = "<group>"; };
		5660ADFE16FE7B7A00689225 /* EAGLView.h */ = {isa = PBXFileReference; lastKnownFileType = sourcecode.c.h; name = EAGLView.h; path = libs/cocos2d/Platforms/iOS/EAGLView.h; sourceTree = "<group>"; };
		5660ADFF16FE7B7A00689225 /* EAGLView.m */ = {isa = PBXFileReference; lastKnownFileType = sourcecode.c.objc; name = EAGLView.m; path = libs/cocos2d/Platforms/iOS/EAGLView.m; sourceTree = "<group>"; };
		5660AE0116FE7B7A00689225 /* ES1Renderer.h */ = {isa = PBXFileReference; lastKnownFileType = sourcecode.c.h; name = ES1Renderer.h; path = libs/cocos2d/Platforms/iOS/ES1Renderer.h; sourceTree = "<group>"; };
		5660AE0216FE7B7A00689225 /* ES1Renderer.m */ = {isa = PBXFileReference; lastKnownFileType = sourcecode.c.objc; name = ES1Renderer.m; path = libs/cocos2d/Platforms/iOS/ES1Renderer.m; sourceTree = "<group>"; };
		5660AE0416FE7B7A00689225 /* ESRenderer.h */ = {isa = PBXFileReference; lastKnownFileType = sourcecode.c.h; name = ESRenderer.h; path = libs/cocos2d/Platforms/iOS/ESRenderer.h; sourceTree = "<group>"; };
		5660AE0516FE7B7A00689225 /* glu.c */ = {isa = PBXFileReference; lastKnownFileType = sourcecode.c.c; name = glu.c; path = libs/cocos2d/Platforms/iOS/glu.c; sourceTree = "<group>"; };
		5660AE0716FE7B7A00689225 /* glu.h */ = {isa = PBXFileReference; lastKnownFileType = sourcecode.c.h; name = glu.h; path = libs/cocos2d/Platforms/iOS/glu.h; sourceTree = "<group>"; };
		5660AE0916FE7B7A00689225 /* CCDirectorMac.h */ = {isa = PBXFileReference; lastKnownFileType = sourcecode.c.h; name = CCDirectorMac.h; path = libs/cocos2d/Platforms/Mac/CCDirectorMac.h; sourceTree = "<group>"; };
		5660AE0A16FE7B7A00689225 /* CCDirectorMac.m */ = {isa = PBXFileReference; lastKnownFileType = sourcecode.c.objc; name = CCDirectorMac.m; path = libs/cocos2d/Platforms/Mac/CCDirectorMac.m; sourceTree = "<group>"; };
		5660AE0C16FE7B7A00689225 /* CCEventDispatcher.h */ = {isa = PBXFileReference; lastKnownFileType = sourcecode.c.h; name = CCEventDispatcher.h; path = libs/cocos2d/Platforms/Mac/CCEventDispatcher.h; sourceTree = "<group>"; };
		5660AE0D16FE7B7A00689225 /* CCEventDispatcher.m */ = {isa = PBXFileReference; lastKnownFileType = sourcecode.c.objc; name = CCEventDispatcher.m; path = libs/cocos2d/Platforms/Mac/CCEventDispatcher.m; sourceTree = "<group>"; };
		5660AE0F16FE7B7A00689225 /* MacGLView.h */ = {isa = PBXFileReference; lastKnownFileType = sourcecode.c.h; name = MacGLView.h; path = libs/cocos2d/Platforms/Mac/MacGLView.h; sourceTree = "<group>"; };
		5660AE1016FE7B7A00689225 /* MacGLView.m */ = {isa = PBXFileReference; lastKnownFileType = sourcecode.c.objc; name = MacGLView.m; path = libs/cocos2d/Platforms/Mac/MacGLView.m; sourceTree = "<group>"; };
		5660AE1216FE7B7A00689225 /* MacWindow.h */ = {isa = PBXFileReference; lastKnownFileType = sourcecode.c.h; name = MacWindow.h; path = libs/cocos2d/Platforms/Mac/MacWindow.h; sourceTree = "<group>"; };
		5660AE1316FE7B7A00689225 /* MacWindow.m */ = {isa = PBXFileReference; lastKnownFileType = sourcecode.c.objc; name = MacWindow.m; path = libs/cocos2d/Platforms/Mac/MacWindow.m; sourceTree = "<group>"; };
		5660AE1616FE7B7A00689225 /* base64.c */ = {isa = PBXFileReference; lastKnownFileType = sourcecode.c.c; name = base64.c; path = libs/cocos2d/Support/base64.c; sourceTree = "<group>"; };
		5660AE1816FE7B7A00689225 /* base64.h */ = {isa = PBXFileReference; lastKnownFileType = sourcecode.c.h; name = base64.h; path = libs/cocos2d/Support/base64.h; sourceTree = "<group>"; };
		5660AE1916FE7B7A00689225 /* CCArray.h */ = {isa = PBXFileReference; lastKnownFileType = sourcecode.c.h; name = CCArray.h; path = libs/cocos2d/Support/CCArray.h; sourceTree = "<group>"; };
		5660AE1A16FE7B7A00689225 /* CCArray.m */ = {isa = PBXFileReference; lastKnownFileType = sourcecode.c.objc; name = CCArray.m; path = libs/cocos2d/Support/CCArray.m; sourceTree = "<group>"; };
		5660AE1C16FE7B7A00689225 /* ccCArray.h */ = {isa = PBXFileReference; lastKnownFileType = sourcecode.c.h; name = ccCArray.h; path = libs/cocos2d/Support/ccCArray.h; sourceTree = "<group>"; };
		5660AE1D16FE7B7A00689225 /* CCFileUtils.h */ = {isa = PBXFileReference; lastKnownFileType = sourcecode.c.h; name = CCFileUtils.h; path = libs/cocos2d/Support/CCFileUtils.h; sourceTree = "<group>"; };
		5660AE1E16FE7B7A00689225 /* CCFileUtils.m */ = {isa = PBXFileReference; lastKnownFileType = sourcecode.c.objc; name = CCFileUtils.m; path = libs/cocos2d/Support/CCFileUtils.m; sourceTree = "<group>"; };
		5660AE2016FE7B7A00689225 /* CCProfiling.h */ = {isa = PBXFileReference; lastKnownFileType = sourcecode.c.h; name = CCProfiling.h; path = libs/cocos2d/Support/CCProfiling.h; sourceTree = "<group>"; };
		5660AE2116FE7B7A00689225 /* CCProfiling.m */ = {isa = PBXFileReference; lastKnownFileType = sourcecode.c.objc; name = CCProfiling.m; path = libs/cocos2d/Support/CCProfiling.m; sourceTree = "<group>"; };
		5660AE2316FE7B7A00689225 /* ccUtils.c */ = {isa = PBXFileReference; lastKnownFileType = sourcecode.c.c; name = ccUtils.c; path = libs/cocos2d/Support/ccUtils.c; sourceTree = "<group>"; };
		5660AE2516FE7B7A00689225 /* ccUtils.h */ = {isa = PBXFileReference; lastKnownFileType = sourcecode.c.h; name = ccUtils.h; path = libs/cocos2d/Support/ccUtils.h; sourceTree = "<group>"; };
		5660AE2616FE7B7A00689225 /* CGPointExtension.h */ = {isa = PBXFileReference; lastKnownFileType = sourcecode.c.h; name = CGPointExtension.h; path = libs/cocos2d/Support/CGPointExtension.h; sourceTree = "<group>"; };
		5660AE2716FE7B7A00689225 /* CGPointExtension.m */ = {isa = PBXFileReference; lastKnownFileType = sourcecode.c.objc; name = CGPointExtension.m; path = libs/cocos2d/Support/CGPointExtension.m; sourceTree = "<group>"; };
		5660AE2916FE7B7A00689225 /* OpenGL_Internal.h */ = {isa = PBXFileReference; lastKnownFileType = sourcecode.c.h; name = OpenGL_Internal.h; path = libs/cocos2d/Support/OpenGL_Internal.h; sourceTree = "<group>"; };
		5660AE2A16FE7B7A00689225 /* TGAlib.h */ = {isa = PBXFileReference; lastKnownFileType = sourcecode.c.h; name = TGAlib.h; path = libs/cocos2d/Support/TGAlib.h; sourceTree = "<group>"; };
		5660AE2B16FE7B7A00689225 /* TGAlib.m */ = {isa = PBXFileReference; lastKnownFileType = sourcecode.c.objc; name = TGAlib.m; path = libs/cocos2d/Support/TGAlib.m; sourceTree = "<group>"; };
		5660AE2D16FE7B7A00689225 /* TransformUtils.h */ = {isa = PBXFileReference; lastKnownFileType = sourcecode.c.h; name = TransformUtils.h; path = libs/cocos2d/Support/TransformUtils.h; sourceTree = "<group>"; };
		5660AE2E16FE7B7A00689225 /* TransformUtils.m */ = {isa = PBXFileReference; lastKnownFileType = sourcecode.c.objc; name = TransformUtils.m; path = libs/cocos2d/Support/TransformUtils.m; sourceTree = "<group>"; };
		5660AE3016FE7B7A00689225 /* uthash.h */ = {isa = PBXFileReference; lastKnownFileType = sourcecode.c.h; name = uthash.h; path = libs/cocos2d/Support/uthash.h; sourceTree = "<group>"; };
		5660AE3116FE7B7A00689225 /* utlist.h */ = {isa = PBXFileReference; lastKnownFileType = sourcecode.c.h; name = utlist.h; path = libs/cocos2d/Support/utlist.h; sourceTree = "<group>"; };
		5660AE3216FE7B7A00689225 /* ZipUtils.h */ = {isa = PBXFileReference; lastKnownFileType = sourcecode.c.h; name = ZipUtils.h; path = libs/cocos2d/Support/ZipUtils.h; sourceTree = "<group>"; };
		5660AE3316FE7B7A00689225 /* ZipUtils.m */ = {isa = PBXFileReference; lastKnownFileType = sourcecode.c.objc; name = ZipUtils.m; path = libs/cocos2d/Support/ZipUtils.m; sourceTree = "<group>"; };
		5660AE3516FE7B7A00689225 /* LICENSE_cocos2d.txt */ = {isa = PBXFileReference; lastKnownFileType = text; name = LICENSE_cocos2d.txt; path = libs/LICENSE_cocos2d.txt; sourceTree = "<group>"; };
		5660AE3716FE7B7A00689225 /* CDAudioManager.h */ = {isa = PBXFileReference; lastKnownFileType = sourcecode.c.h; name = CDAudioManager.h; path = libs/CocosDenshion/CDAudioManager.h; sourceTree = "<group>"; };
		5660AE3816FE7B7A00689225 /* CDAudioManager.m */ = {isa = PBXFileReference; lastKnownFileType = sourcecode.c.objc; name = CDAudioManager.m; path = libs/CocosDenshion/CDAudioManager.m; sourceTree = "<group>"; };
		5660AE3A16FE7B7A00689225 /* CDConfig.h */ = {isa = PBXFileReference; lastKnownFileType = sourcecode.c.h; name = CDConfig.h; path = libs/CocosDenshion/CDConfig.h; sourceTree = "<group>"; };
		5660AE3B16FE7B7A00689225 /* CDOpenALSupport.h */ = {isa = PBXFileReference; lastKnownFileType = sourcecode.c.h; name = CDOpenALSupport.h; path = libs/CocosDenshion/CDOpenALSupport.h; sourceTree = "<group>"; };
		5660AE3C16FE7B7A00689225 /* CDOpenALSupport.m */ = {isa = PBXFileReference; lastKnownFileType = sourcecode.c.objc; name = CDOpenALSupport.m; path = libs/CocosDenshion/CDOpenALSupport.m; sourceTree = "<group>"; };
		5660AE3E16FE7B7A00689225 /* CocosDenshion.h */ = {isa = PBXFileReference; lastKnownFileType = sourcecode.c.h; name = CocosDenshion.h; path = libs/CocosDenshion/CocosDenshion.h; sourceTree = "<group>"; };
		5660AE3F16FE7B7A00689225 /* CocosDenshion.m */ = {isa = PBXFileReference; lastKnownFileType = sourcecode.c.objc; name = CocosDenshion.m; path = libs/CocosDenshion/CocosDenshion.m; sourceTree = "<group>"; };
		5660AE4116FE7B7A00689225 /* SimpleAudioEngine.h */ = {isa = PBXFileReference; lastKnownFileType = sourcecode.c.h; name = SimpleAudioEngine.h; path = libs/CocosDenshion/SimpleAudioEngine.h; sourceTree = "<group>"; };
		5660AE4216FE7B7A00689225 /* SimpleAudioEngine.m */ = {isa = PBXFileReference; lastKnownFileType = sourcecode.c.objc; name = SimpleAudioEngine.m; path = libs/CocosDenshion/SimpleAudioEngine.m; sourceTree = "<group>"; };
		5660AE4416FE7B7A00689225 /* LICENSE_CocosDenshion.txt */ = {isa = PBXFileReference; lastKnownFileType = text; name = LICENSE_CocosDenshion.txt; path = libs/LICENSE_CocosDenshion.txt; sourceTree = "<group>"; };
		5660AE4616FE7B7A00689225 /* CLScoreServerPost.h */ = {isa = PBXFileReference; lastKnownFileType = sourcecode.c.h; name = CLScoreServerPost.h; path = libs/cocoslive/CLScoreServerPost.h; sourceTree = "<group>"; };
		5660AE4716FE7B7A00689225 /* CLScoreServerPost.m */ = {isa = PBXFileReference; lastKnownFileType = sourcecode.c.objc; name = CLScoreServerPost.m; path = libs/cocoslive/CLScoreServerPost.m; sourceTree = "<group>"; };
		5660AE4916FE7B7A00689225 /* CLScoreServerRequest.h */ = {isa = PBXFileReference; lastKnownFileType = sourcecode.c.h; name = CLScoreServerRequest.h; path = libs/cocoslive/CLScoreServerRequest.h; sourceTree = "<group>"; };
		5660AE4A16FE7B7A00689225 /* CLScoreServerRequest.m */ = {isa = PBXFileReference; lastKnownFileType = sourcecode.c.objc; name = CLScoreServerRequest.m; path = libs/cocoslive/CLScoreServerRequest.m; sourceTree = "<group>"; };
		5660AE4C16FE7B7A00689225 /* cocoslive.h */ = {isa = PBXFileReference; lastKnownFileType = sourcecode.c.h; name = cocoslive.h; path = libs/cocoslive/cocoslive.h; sourceTree = "<group>"; };
		5660AE4D16FE7B7A00689225 /* cocoslive.m */ = {isa = PBXFileReference; lastKnownFileType = sourcecode.c.objc; name = cocoslive.m; path = libs/cocoslive/cocoslive.m; sourceTree = "<group>"; };
		5660AE4F16FE7B7A00689225 /* LICENSE_TouchJSON.txt */ = {isa = PBXFileReference; lastKnownFileType = text; name = LICENSE_TouchJSON.txt; path = libs/LICENSE_TouchJSON.txt; sourceTree = "<group>"; };
		5660AE5116FE7B7A00689225 /* CDataScanner.h */ = {isa = PBXFileReference; lastKnownFileType = sourcecode.c.h; name = CDataScanner.h; path = libs/TouchJSON/CDataScanner.h; sourceTree = "<group>"; };
		5660AE5216FE7B7A00689225 /* CDataScanner.m */ = {isa = PBXFileReference; lastKnownFileType = sourcecode.c.objc; name = CDataScanner.m; path = libs/TouchJSON/CDataScanner.m; sourceTree = "<group>"; };
		5660AE5516FE7B7A00689225 /* CDataScanner_Extensions.h */ = {isa = PBXFileReference; lastKnownFileType = sourcecode.c.h; name = CDataScanner_Extensions.h; path = libs/TouchJSON/Extensions/CDataScanner_Extensions.h; sourceTree = "<group>"; };
		5660AE5616FE7B7A00689225 /* CDataScanner_Extensions.m */ = {isa = PBXFileReference; lastKnownFileType = sourcecode.c.objc; name = CDataScanner_Extensions.m; path = libs/TouchJSON/Extensions/CDataScanner_Extensions.m; sourceTree = "<group>"; };
		5660AE5816FE7B7A00689225 /* NSDictionary_JSONExtensions.h */ = {isa = PBXFileReference; lastKnownFileType = sourcecode.c.h; name = NSDictionary_JSONExtensions.h; path = libs/TouchJSON/Extensions/NSDictionary_JSONExtensions.h; sourceTree = "<group>"; };
		5660AE5916FE7B7A00689225 /* NSDictionary_JSONExtensions.m */ = {isa = PBXFileReference; lastKnownFileType = sourcecode.c.objc; name = NSDictionary_JSONExtensions.m; path = libs/TouchJSON/Extensions/NSDictionary_JSONExtensions.m; sourceTree = "<group>"; };
		5660AE5C16FE7B7A00689225 /* CJSONDeserializer.h */ = {isa = PBXFileReference; lastKnownFileType = sourcecode.c.h; name = CJSONDeserializer.h; path = libs/TouchJSON/JSON/CJSONDeserializer.h; sourceTree = "<group>"; };
		5660AE5D16FE7B7A00689225 /* CJSONDeserializer.m */ = {isa = PBXFileReference; lastKnownFileType = sourcecode.c.objc; name = CJSONDeserializer.m; path = libs/TouchJSON/JSON/CJSONDeserializer.m; sourceTree = "<group>"; };
		5660AE5F16FE7B7A00689225 /* CJSONScanner.h */ = {isa = PBXFileReference; lastKnownFileType = sourcecode.c.h; name = CJSONScanner.h; path = libs/TouchJSON/JSON/CJSONScanner.h; sourceTree = "<group>"; };
		5660AE6016FE7B7A00689225 /* CJSONScanner.m */ = {isa = PBXFileReference; lastKnownFileType = sourcecode.c.objc; name = CJSONScanner.m; path = libs/TouchJSON/JSON/CJSONScanner.m; sourceTree = "<group>"; };
		5660AE6216FE7B7A00689225 /* CJSONSerializer.h */ = {isa = PBXFileReference; lastKnownFileType = sourcecode.c.h; name = CJSONSerializer.h; path = libs/TouchJSON/JSON/CJSONSerializer.h; sourceTree = "<group>"; };
		5660AE6316FE7B7A00689225 /* CJSONSerializer.m */ = {isa = PBXFileReference; lastKnownFileType = sourcecode.c.objc; name = CJSONSerializer.m; path = libs/TouchJSON/JSON/CJSONSerializer.m; sourceTree = "<group>"; };
		5660AE6516FE7B7A00689225 /* JSONRepresentation.h */ = {isa = PBXFileReference; lastKnownFileType = sourcecode.c.h; name = JSONRepresentation.h; path = libs/TouchJSON/JSON/JSONRepresentation.h; sourceTree = "<group>"; };
		5660AE6716FE7B7A00689225 /* FontLabel.h */ = {isa = PBXFileReference; lastKnownFileType = sourcecode.c.h; name = FontLabel.h; path = libs/FontLabel/FontLabel.h; sourceTree = "<group>"; };
		5660AE6816FE7B7A00689225 /* FontLabel.m */ = {isa = PBXFileReference; lastKnownFileType = sourcecode.c.objc; name = FontLabel.m; path = libs/FontLabel/FontLabel.m; sourceTree = "<group>"; };
		5660AE6A16FE7B7A00689225 /* FontLabelStringDrawing.h */ = {isa = PBXFileReference; lastKnownFileType = sourcecode.c.h; name = FontLabelStringDrawing.h; path = libs/FontLabel/FontLabelStringDrawing.h; sourceTree = "<group>"; };
		5660AE6B16FE7B7A00689225 /* FontLabelStringDrawing.m */ = {isa = PBXFileReference; lastKnownFileType = sourcecode.c.objc; name = FontLabelStringDrawing.m; path = libs/FontLabel/FontLabelStringDrawing.m; sourceTree = "<group>"; };
		5660AE6D16FE7B7A00689225 /* FontManager.h */ = {isa = PBXFileReference; lastKnownFileType = sourcecode.c.h; name = FontManager.h; path = libs/FontLabel/FontManager.h; sourceTree = "<group>"; };
		5660AE6E16FE7B7A00689225 /* FontManager.m */ = {isa = PBXFileReference; lastKnownFileType = sourcecode.c.objc; name = FontManager.m; path = libs/FontLabel/FontManager.m; sourceTree = "<group>"; };
		5660AE7016FE7B7A00689225 /* ZAttributedString.h */ = {isa = PBXFileReference; lastKnownFileType = sourcecode.c.h; name = ZAttributedString.h; path = libs/FontLabel/ZAttributedString.h; sourceTree = "<group>"; };
		5660AE7116FE7B7B00689225 /* ZAttributedString.m */ = {isa = PBXFileReference; lastKnownFileType = sourcecode.c.objc; name = ZAttributedString.m; path = libs/FontLabel/ZAttributedString.m; sourceTree = "<group>"; };
		5660AE7316FE7B7B00689225 /* ZAttributedStringPrivate.h */ = {isa = PBXFileReference; lastKnownFileType = sourcecode.c.h; name = ZAttributedStringPrivate.h; path = libs/FontLabel/ZAttributedStringPrivate.h; sourceTree = "<group>"; };
		5660AE7416FE7B7B00689225 /* ZFont.h */ = {isa = PBXFileReference; lastKnownFileType = sourcecode.c.h; name = ZFont.h; path = libs/FontLabel/ZFont.h; sourceTree = "<group>"; };
		5660AE7516FE7B7B00689225 /* ZFont.m */ = {isa = PBXFileReference; lastKnownFileType = sourcecode.c.objc; name = ZFont.m; path = libs/FontLabel/ZFont.m; sourceTree = "<group>"; };
		5660AE7716FE7B7B00689225 /* LICENSE_FontLabel.txt */ = {isa = PBXFileReference; lastKnownFileType = text; name = LICENSE_FontLabel.txt; path = libs/LICENSE_FontLabel.txt; sourceTree = "<group>"; };
		5660AE7916FE7B7B00689225 /* Prefix.pch */ = {isa = PBXFileReference; lastKnownFileType = sourcecode.c.h; path = Prefix.pch; sourceTree = "<group>"; };
		5660AE7A16FE7B7B00689225 /* main.m */ = {isa = PBXFileReference; lastKnownFileType = sourcecode.c.objc; path = main.m; sourceTree = "<group>"; };
		5660AE7C16FE7B7B00689225 /* AppDelegate.h */ = {isa = PBXFileReference; lastKnownFileType = sourcecode.c.h; path = AppDelegate.h; sourceTree = "<group>"; };
		5660AE7D16FE7B7B00689225 /* AppDelegate.m */ = {isa = PBXFileReference; lastKnownFileType = sourcecode.c.objc; path = AppDelegate.m; sourceTree = "<group>"; };
		5660AE7F16FE7B7B00689225 /* RootViewController.h */ = {isa = PBXFileReference; lastKnownFileType = sourcecode.c.h; path = RootViewController.h; sourceTree = "<group>"; };
		5660AE8016FE7B7B00689225 /* RootViewController.m */ = {isa = PBXFileReference; lastKnownFileType = sourcecode.c.objc; path = RootViewController.m; sourceTree = "<group>"; };
		5660AE8216FE7B7B00689225 /* HelloWorldLayer.h */ = {isa = PBXFileReference; lastKnownFileType = sourcecode.c.h; path = HelloWorldLayer.h; sourceTree = "<group>"; };
		5660AE8316FE7B7B00689225 /* HelloWorldLayer.m */ = {isa = PBXFileReference; lastKnownFileType = sourcecode.c.objc; path = HelloWorldLayer.m; sourceTree = "<group>"; };
		5660AE8516FE7B7B00689225 /* GameConfig.h */ = {isa = PBXFileReference; lastKnownFileType = sourcecode.c.h; path = GameConfig.h; sourceTree = "<group>"; };
		5660AE8B16FE80A900689225 /* CCScreenhot.m */ = {isa = PBXFileReference; fileEncoding = 4; lastKnownFileType = sourcecode.c.objc; name = CCScreenhot.m; path = ../../CCScreenhot.m; sourceTree = "<group>"; };
		5660AE8C16FE80A900689225 /* CCScreenshot.h */ = {isa = PBXFileReference; fileEncoding = 4; lastKnownFileType = sourcecode.c.h; name = CCScreenshot.h; path = ../../CCScreenshot.h; sourceTree = "<group>"; };
		5660AE9116FEB80C00689225 /* AssetsLibrary.framework */ = {isa = PBXFileReference; lastKnownFileType = wrapper.framework; name = AssetsLibrary.framework; path = System/Library/Frameworks/AssetsLibrary.framework; sourceTree = SDKROOT; };
/* End PBXFileReference section */

/* Begin PBXFrameworksBuildPhase section */
		5660AD1416FE7B7800689225 /* Frameworks */ = {
			isa = PBXFrameworksBuildPhase;
			buildActionMask = 2147483647;
			files = (
				5660AE9216FEB80C00689225 /* AssetsLibrary.framework in Frameworks */,
				5660AD1B16FE7B7800689225 /* QuartzCore.framework in Frameworks */,
				5660AD1D16FE7B7800689225 /* OpenGLES.framework in Frameworks */,
				5660AD1F16FE7B7800689225 /* OpenAL.framework in Frameworks */,
				5660AD2116FE7B7800689225 /* AudioToolbox.framework in Frameworks */,
				5660AD2316FE7B7800689225 /* AVFoundation.framework in Frameworks */,
				5660AD2516FE7B7800689225 /* UIKit.framework in Frameworks */,
				5660AD2716FE7B7900689225 /* Foundation.framework in Frameworks */,
				5660AD2916FE7B7900689225 /* CoreGraphics.framework in Frameworks */,
			);
			runOnlyForDeploymentPostprocessing = 0;
		};
/* End PBXFrameworksBuildPhase section */

/* Begin PBXGroup section */
		5660AD0E16FE7B7800689225 = {
			isa = PBXGroup;
			children = (
				5660AE9116FEB80C00689225 /* AssetsLibrary.framework */,
				5660AE8C16FE80A900689225 /* CCScreenshot.h */,
				5660AE8B16FE80A900689225 /* CCScreenhot.m */,
				5660AD2A16FE7B7900689225 /* CCScreenshot_Cocos2D */,
				5660AD1916FE7B7800689225 /* Frameworks */,
				5660AD1816FE7B7800689225 /* Products */,
			);
			sourceTree = "<group>";
		};
		5660AD1816FE7B7800689225 /* Products */ = {
			isa = PBXGroup;
			children = (
				5660AD1716FE7B7800689225 /* CCScreenshot_Cocos2D.app */,
			);
			name = Products;
			sourceTree = "<group>";
		};
		5660AD1916FE7B7800689225 /* Frameworks */ = {
			isa = PBXGroup;
			children = (
				5660AD1A16FE7B7800689225 /* QuartzCore.framework */,
				5660AD1C16FE7B7800689225 /* OpenGLES.framework */,
				5660AD1E16FE7B7800689225 /* OpenAL.framework */,
				5660AD2016FE7B7800689225 /* AudioToolbox.framework */,
				5660AD2216FE7B7800689225 /* AVFoundation.framework */,
				5660AD2416FE7B7800689225 /* UIKit.framework */,
				5660AD2616FE7B7800689225 /* Foundation.framework */,
				5660AD2816FE7B7900689225 /* CoreGraphics.framework */,
			);
			name = Frameworks;
			sourceTree = "<group>";
		};
		5660AD2A16FE7B7900689225 /* CCScreenshot_Cocos2D */ = {
			isa = PBXGroup;
			children = (
				5660AE7C16FE7B7B00689225 /* AppDelegate.h */,
				5660AE7D16FE7B7B00689225 /* AppDelegate.m */,
				5660AE7F16FE7B7B00689225 /* RootViewController.h */,
				5660AE8016FE7B7B00689225 /* RootViewController.m */,
				5660AE8216FE7B7B00689225 /* HelloWorldLayer.h */,
				5660AE8316FE7B7B00689225 /* HelloWorldLayer.m */,
				5660AE8516FE7B7B00689225 /* GameConfig.h */,
				5660AD2B16FE7B7900689225 /* Resources */,
				5660AD3F16FE7B7900689225 /* libs */,
				5660AE7816FE7B7B00689225 /* Supporting Files */,
			);
			path = CCScreenshot_Cocos2D;
			sourceTree = "<group>";
		};
		5660AD2B16FE7B7900689225 /* Resources */ = {
			isa = PBXGroup;
			children = (
				5660AD2C16FE7B7900689225 /* Default.png */,
				5660AD2E16FE7B7900689225 /* fps_images.png */,
				5660AD3016FE7B7900689225 /* Icon-72.png */,
				5660AD3216FE7B7900689225 /* Icon-Small-50.png */,
				5660AD3416FE7B7900689225 /* Icon-Small.png */,
				5660AD3616FE7B7900689225 /* Icon-Small@2x.png */,
				5660AD3816FE7B7900689225 /* Icon.png */,
				5660AD3A16FE7B7900689225 /* Icon@2x.png */,
				5660AD3C16FE7B7900689225 /* Info.plist */,
				5660AD3D16FE7B7900689225 /* iTunesArtwork */,
			);
			name = Resources;
			sourceTree = "<group>";
		};
		5660AD3F16FE7B7900689225 /* libs */ = {
			isa = PBXGroup;
			children = (
				5660AE3516FE7B7A00689225 /* LICENSE_cocos2d.txt */,
				5660AE4416FE7B7A00689225 /* LICENSE_CocosDenshion.txt */,
				5660AE4F16FE7B7A00689225 /* LICENSE_TouchJSON.txt */,
				5660AE7716FE7B7B00689225 /* LICENSE_FontLabel.txt */,
				5660AD4016FE7B7900689225 /* cocos2d */,
				5660AE3616FE7B7A00689225 /* CocosDenshion */,
				5660AE4516FE7B7A00689225 /* cocoslive */,
				5660AE5016FE7B7A00689225 /* TouchJSON */,
				5660AE6616FE7B7A00689225 /* FontLabel */,
			);
			name = libs;
			sourceTree = "<group>";
		};
		5660AD4016FE7B7900689225 /* cocos2d */ = {
			isa = PBXGroup;
			children = (
				5660AD4116FE7B7900689225 /* CCAction.h */,
				5660AD4216FE7B7900689225 /* CCAction.m */,
				5660AD4416FE7B7900689225 /* CCActionCamera.h */,
				5660AD4516FE7B7900689225 /* CCActionCamera.m */,
				5660AD4716FE7B7900689225 /* CCActionEase.h */,
				5660AD4816FE7B7900689225 /* CCActionEase.m */,
				5660AD4A16FE7B7900689225 /* CCActionGrid.h */,
				5660AD4B16FE7B7900689225 /* CCActionGrid.m */,
				5660AD4D16FE7B7900689225 /* CCActionGrid3D.h */,
				5660AD4E16FE7B7900689225 /* CCActionGrid3D.m */,
				5660AD5016FE7B7900689225 /* CCActionInstant.h */,
				5660AD5116FE7B7900689225 /* CCActionInstant.m */,
				5660AD5316FE7B7900689225 /* CCActionInterval.h */,
				5660AD5416FE7B7900689225 /* CCActionInterval.m */,
				5660AD5616FE7B7900689225 /* CCActionManager.h */,
				5660AD5716FE7B7900689225 /* CCActionManager.m */,
				5660AD5916FE7B7900689225 /* CCActionPageTurn3D.h */,
				5660AD5A16FE7B7900689225 /* CCActionPageTurn3D.m */,
				5660AD5C16FE7B7900689225 /* CCActionProgressTimer.h */,
				5660AD5D16FE7B7900689225 /* CCActionProgressTimer.m */,
				5660AD5F16FE7B7900689225 /* CCActionTiledGrid.h */,
				5660AD6016FE7B7900689225 /* CCActionTiledGrid.m */,
				5660AD6216FE7B7900689225 /* CCActionTween.h */,
				5660AD6316FE7B7900689225 /* CCActionTween.m */,
				5660AD6516FE7B7900689225 /* CCAnimation.h */,
				5660AD6616FE7B7900689225 /* CCAnimation.m */,
				5660AD6816FE7B7900689225 /* CCAnimationCache.h */,
				5660AD6916FE7B7900689225 /* CCAnimationCache.m */,
				5660AD6B16FE7B7900689225 /* CCAtlasNode.h */,
				5660AD6C16FE7B7900689225 /* CCAtlasNode.m */,
				5660AD6E16FE7B7900689225 /* CCBlockSupport.h */,
				5660AD6F16FE7B7900689225 /* CCBlockSupport.m */,
				5660AD7116FE7B7900689225 /* CCCamera.h */,
				5660AD7216FE7B7900689225 /* CCCamera.m */,
				5660AD7416FE7B7900689225 /* ccConfig.h */,
				5660AD7516FE7B7900689225 /* CCConfiguration.h */,
				5660AD7616FE7B7900689225 /* CCConfiguration.m */,
				5660AD7816FE7B7900689225 /* CCDirector.h */,
				5660AD7916FE7B7900689225 /* CCDirector.m */,
				5660AD7B16FE7B7900689225 /* CCDrawingPrimitives.h */,
				5660AD7C16FE7B7900689225 /* CCDrawingPrimitives.m */,
				5660AD7E16FE7B7900689225 /* CCGrabber.h */,
				5660AD7F16FE7B7900689225 /* CCGrabber.m */,
				5660AD8116FE7B7900689225 /* CCGrid.h */,
				5660AD8216FE7B7900689225 /* CCGrid.m */,
				5660AD8416FE7B7900689225 /* CCLabelAtlas.h */,
				5660AD8516FE7B7900689225 /* CCLabelAtlas.m */,
				5660AD8716FE7B7900689225 /* CCLabelBMFont.h */,
				5660AD8816FE7B7900689225 /* CCLabelBMFont.m */,
				5660AD8A16FE7B7900689225 /* CCLabelTTF.h */,
				5660AD8B16FE7B7900689225 /* CCLabelTTF.m */,
				5660AD8D16FE7B7900689225 /* CCLayer.h */,
				5660AD8E16FE7B7900689225 /* CCLayer.m */,
				5660AD9016FE7B7900689225 /* ccMacros.h */,
				5660AD9116FE7B7900689225 /* CCMenu.h */,
				5660AD9216FE7B7900689225 /* CCMenu.m */,
				5660AD9416FE7B7900689225 /* CCMenuItem.h */,
				5660AD9516FE7B7900689225 /* CCMenuItem.m */,
				5660AD9716FE7B7900689225 /* CCMotionStreak.h */,
				5660AD9816FE7B7900689225 /* CCMotionStreak.m */,
				5660AD9A16FE7B7900689225 /* CCNode.h */,
				5660AD9B16FE7B7900689225 /* CCNode.m */,
				5660AD9D16FE7B7900689225 /* CCParallaxNode.h */,
				5660AD9E16FE7B7900689225 /* CCParallaxNode.m */,
				5660ADA016FE7B7900689225 /* CCParticleExamples.h */,
				5660ADA116FE7B7900689225 /* CCParticleExamples.m */,
				5660ADA316FE7B7900689225 /* CCParticleSystem.h */,
				5660ADA416FE7B7900689225 /* CCParticleSystem.m */,
				5660ADA616FE7B7900689225 /* CCParticleSystemPoint.h */,
				5660ADA716FE7B7900689225 /* CCParticleSystemPoint.m */,
				5660ADA916FE7B7900689225 /* CCParticleSystemQuad.h */,
				5660ADAA16FE7B7900689225 /* CCParticleSystemQuad.m */,
				5660ADAC16FE7B7900689225 /* CCProgressTimer.h */,
				5660ADAD16FE7B7900689225 /* CCProgressTimer.m */,
				5660ADAF16FE7B7900689225 /* CCProtocols.h */,
				5660ADB016FE7B7900689225 /* CCRenderTexture.h */,
				5660ADB116FE7B7900689225 /* CCRenderTexture.m */,
				5660ADB316FE7B7900689225 /* CCRibbon.h */,
				5660ADB416FE7B7900689225 /* CCRibbon.m */,
				5660ADB616FE7B7900689225 /* CCScene.h */,
				5660ADB716FE7B7900689225 /* CCScene.m */,
				5660ADB916FE7B7900689225 /* CCScheduler.h */,
				5660ADBA16FE7B7900689225 /* CCScheduler.m */,
				5660ADBC16FE7B7900689225 /* CCSprite.h */,
				5660ADBD16FE7B7900689225 /* CCSprite.m */,
				5660ADBF16FE7B7900689225 /* CCSpriteBatchNode.h */,
				5660ADC016FE7B7900689225 /* CCSpriteBatchNode.m */,
				5660ADC216FE7B7900689225 /* CCSpriteFrame.h */,
				5660ADC316FE7B7900689225 /* CCSpriteFrame.m */,
				5660ADC516FE7B7900689225 /* CCSpriteFrameCache.h */,
				5660ADC616FE7B7900689225 /* CCSpriteFrameCache.m */,
				5660ADC816FE7B7900689225 /* CCTexture2D.h */,
				5660ADC916FE7B7A00689225 /* CCTexture2D.m */,
				5660ADCB16FE7B7A00689225 /* CCTextureAtlas.h */,
				5660ADCC16FE7B7A00689225 /* CCTextureAtlas.m */,
				5660ADCE16FE7B7A00689225 /* CCTextureCache.h */,
				5660ADCF16FE7B7A00689225 /* CCTextureCache.m */,
				5660ADD116FE7B7A00689225 /* CCTexturePVR.h */,
				5660ADD216FE7B7A00689225 /* CCTexturePVR.m */,
				5660ADD416FE7B7A00689225 /* CCTileMapAtlas.h */,
				5660ADD516FE7B7A00689225 /* CCTileMapAtlas.m */,
				5660ADD716FE7B7A00689225 /* CCTMXLayer.h */,
				5660ADD816FE7B7A00689225 /* CCTMXLayer.m */,
				5660ADDA16FE7B7A00689225 /* CCTMXObjectGroup.h */,
				5660ADDB16FE7B7A00689225 /* CCTMXObjectGroup.m */,
				5660ADDD16FE7B7A00689225 /* CCTMXTiledMap.h */,
				5660ADDE16FE7B7A00689225 /* CCTMXTiledMap.m */,
				5660ADE016FE7B7A00689225 /* CCTMXXMLParser.h */,
				5660ADE116FE7B7A00689225 /* CCTMXXMLParser.m */,
				5660ADE316FE7B7A00689225 /* CCTransition.h */,
				5660ADE416FE7B7A00689225 /* CCTransition.m */,
				5660ADE616FE7B7A00689225 /* CCTransitionPageTurn.h */,
				5660ADE716FE7B7A00689225 /* CCTransitionPageTurn.m */,
				5660ADE916FE7B7A00689225 /* CCTransitionRadial.h */,
				5660ADEA16FE7B7A00689225 /* CCTransitionRadial.m */,
				5660ADEC16FE7B7A00689225 /* ccTypes.h */,
				5660ADED16FE7B7A00689225 /* cocos2d.h */,
				5660ADEE16FE7B7A00689225 /* cocos2d.m */,
				5660ADF016FE7B7A00689225 /* Platforms */,
				5660AE1516FE7B7A00689225 /* Support */,
			);
			name = cocos2d;
			sourceTree = "<group>";
		};
		5660ADF016FE7B7A00689225 /* Platforms */ = {
			isa = PBXGroup;
			children = (
				5660ADF116FE7B7A00689225 /* CCGL.h */,
				5660ADF216FE7B7A00689225 /* CCNS.h */,
				5660ADF316FE7B7A00689225 /* iOS */,
				5660AE0816FE7B7A00689225 /* Mac */,
			);
			name = Platforms;
			sourceTree = "<group>";
		};
		5660ADF316FE7B7A00689225 /* iOS */ = {
			isa = PBXGroup;
			children = (
				5660ADF416FE7B7A00689225 /* CCDirectorIOS.h */,
				5660ADF516FE7B7A00689225 /* CCDirectorIOS.m */,
				5660ADF716FE7B7A00689225 /* CCTouchDelegateProtocol.h */,
				5660ADF816FE7B7A00689225 /* CCTouchDispatcher.h */,
				5660ADF916FE7B7A00689225 /* CCTouchDispatcher.m */,
				5660ADFB16FE7B7A00689225 /* CCTouchHandler.h */,
				5660ADFC16FE7B7A00689225 /* CCTouchHandler.m */,
				5660ADFE16FE7B7A00689225 /* EAGLView.h */,
				5660ADFF16FE7B7A00689225 /* EAGLView.m */,
				5660AE0116FE7B7A00689225 /* ES1Renderer.h */,
				5660AE0216FE7B7A00689225 /* ES1Renderer.m */,
				5660AE0416FE7B7A00689225 /* ESRenderer.h */,
				5660AE0516FE7B7A00689225 /* glu.c */,
				5660AE0716FE7B7A00689225 /* glu.h */,
			);
			name = iOS;
			sourceTree = "<group>";
		};
		5660AE0816FE7B7A00689225 /* Mac */ = {
			isa = PBXGroup;
			children = (
				5660AE0916FE7B7A00689225 /* CCDirectorMac.h */,
				5660AE0A16FE7B7A00689225 /* CCDirectorMac.m */,
				5660AE0C16FE7B7A00689225 /* CCEventDispatcher.h */,
				5660AE0D16FE7B7A00689225 /* CCEventDispatcher.m */,
				5660AE0F16FE7B7A00689225 /* MacGLView.h */,
				5660AE1016FE7B7A00689225 /* MacGLView.m */,
				5660AE1216FE7B7A00689225 /* MacWindow.h */,
				5660AE1316FE7B7A00689225 /* MacWindow.m */,
			);
			name = Mac;
			sourceTree = "<group>";
		};
		5660AE1516FE7B7A00689225 /* Support */ = {
			isa = PBXGroup;
			children = (
				5660AE1616FE7B7A00689225 /* base64.c */,
				5660AE1816FE7B7A00689225 /* base64.h */,
				5660AE1916FE7B7A00689225 /* CCArray.h */,
				5660AE1A16FE7B7A00689225 /* CCArray.m */,
				5660AE1C16FE7B7A00689225 /* ccCArray.h */,
				5660AE1D16FE7B7A00689225 /* CCFileUtils.h */,
				5660AE1E16FE7B7A00689225 /* CCFileUtils.m */,
				5660AE2016FE7B7A00689225 /* CCProfiling.h */,
				5660AE2116FE7B7A00689225 /* CCProfiling.m */,
				5660AE2316FE7B7A00689225 /* ccUtils.c */,
				5660AE2516FE7B7A00689225 /* ccUtils.h */,
				5660AE2616FE7B7A00689225 /* CGPointExtension.h */,
				5660AE2716FE7B7A00689225 /* CGPointExtension.m */,
				5660AE2916FE7B7A00689225 /* OpenGL_Internal.h */,
				5660AE2A16FE7B7A00689225 /* TGAlib.h */,
				5660AE2B16FE7B7A00689225 /* TGAlib.m */,
				5660AE2D16FE7B7A00689225 /* TransformUtils.h */,
				5660AE2E16FE7B7A00689225 /* TransformUtils.m */,
				5660AE3016FE7B7A00689225 /* uthash.h */,
				5660AE3116FE7B7A00689225 /* utlist.h */,
				5660AE3216FE7B7A00689225 /* ZipUtils.h */,
				5660AE3316FE7B7A00689225 /* ZipUtils.m */,
			);
			name = Support;
			sourceTree = "<group>";
		};
		5660AE3616FE7B7A00689225 /* CocosDenshion */ = {
			isa = PBXGroup;
			children = (
				5660AE3716FE7B7A00689225 /* CDAudioManager.h */,
				5660AE3816FE7B7A00689225 /* CDAudioManager.m */,
				5660AE3A16FE7B7A00689225 /* CDConfig.h */,
				5660AE3B16FE7B7A00689225 /* CDOpenALSupport.h */,
				5660AE3C16FE7B7A00689225 /* CDOpenALSupport.m */,
				5660AE3E16FE7B7A00689225 /* CocosDenshion.h */,
				5660AE3F16FE7B7A00689225 /* CocosDenshion.m */,
				5660AE4116FE7B7A00689225 /* SimpleAudioEngine.h */,
				5660AE4216FE7B7A00689225 /* SimpleAudioEngine.m */,
			);
			name = CocosDenshion;
			sourceTree = "<group>";
		};
		5660AE4516FE7B7A00689225 /* cocoslive */ = {
			isa = PBXGroup;
			children = (
				5660AE4616FE7B7A00689225 /* CLScoreServerPost.h */,
				5660AE4716FE7B7A00689225 /* CLScoreServerPost.m */,
				5660AE4916FE7B7A00689225 /* CLScoreServerRequest.h */,
				5660AE4A16FE7B7A00689225 /* CLScoreServerRequest.m */,
				5660AE4C16FE7B7A00689225 /* cocoslive.h */,
				5660AE4D16FE7B7A00689225 /* cocoslive.m */,
			);
			name = cocoslive;
			sourceTree = "<group>";
		};
		5660AE5016FE7B7A00689225 /* TouchJSON */ = {
			isa = PBXGroup;
			children = (
				5660AE5116FE7B7A00689225 /* CDataScanner.h */,
				5660AE5216FE7B7A00689225 /* CDataScanner.m */,
				5660AE5416FE7B7A00689225 /* Extensions */,
				5660AE5B16FE7B7A00689225 /* JSON */,
			);
			name = TouchJSON;
			sourceTree = "<group>";
		};
		5660AE5416FE7B7A00689225 /* Extensions */ = {
			isa = PBXGroup;
			children = (
				5660AE5516FE7B7A00689225 /* CDataScanner_Extensions.h */,
				5660AE5616FE7B7A00689225 /* CDataScanner_Extensions.m */,
				5660AE5816FE7B7A00689225 /* NSDictionary_JSONExtensions.h */,
				5660AE5916FE7B7A00689225 /* NSDictionary_JSONExtensions.m */,
			);
			name = Extensions;
			sourceTree = "<group>";
		};
		5660AE5B16FE7B7A00689225 /* JSON */ = {
			isa = PBXGroup;
			children = (
				5660AE5C16FE7B7A00689225 /* CJSONDeserializer.h */,
				5660AE5D16FE7B7A00689225 /* CJSONDeserializer.m */,
				5660AE5F16FE7B7A00689225 /* CJSONScanner.h */,
				5660AE6016FE7B7A00689225 /* CJSONScanner.m */,
				5660AE6216FE7B7A00689225 /* CJSONSerializer.h */,
				5660AE6316FE7B7A00689225 /* CJSONSerializer.m */,
				5660AE6516FE7B7A00689225 /* JSONRepresentation.h */,
			);
			name = JSON;
			sourceTree = "<group>";
		};
		5660AE6616FE7B7A00689225 /* FontLabel */ = {
			isa = PBXGroup;
			children = (
				5660AE6716FE7B7A00689225 /* FontLabel.h */,
				5660AE6816FE7B7A00689225 /* FontLabel.m */,
				5660AE6A16FE7B7A00689225 /* FontLabelStringDrawing.h */,
				5660AE6B16FE7B7A00689225 /* FontLabelStringDrawing.m */,
				5660AE6D16FE7B7A00689225 /* FontManager.h */,
				5660AE6E16FE7B7A00689225 /* FontManager.m */,
				5660AE7016FE7B7A00689225 /* ZAttributedString.h */,
				5660AE7116FE7B7B00689225 /* ZAttributedString.m */,
				5660AE7316FE7B7B00689225 /* ZAttributedStringPrivate.h */,
				5660AE7416FE7B7B00689225 /* ZFont.h */,
				5660AE7516FE7B7B00689225 /* ZFont.m */,
			);
			name = FontLabel;
			sourceTree = "<group>";
		};
		5660AE7816FE7B7B00689225 /* Supporting Files */ = {
			isa = PBXGroup;
			children = (
				5660AE7916FE7B7B00689225 /* Prefix.pch */,
				5660AE7A16FE7B7B00689225 /* main.m */,
			);
			name = "Supporting Files";
			sourceTree = "<group>";
		};
/* End PBXGroup section */

/* Begin PBXNativeTarget section */
		5660AD1616FE7B7800689225 /* CCScreenshot_Cocos2D */ = {
			isa = PBXNativeTarget;
			buildConfigurationList = 5660AE8816FE7B7B00689225 /* Build configuration list for PBXNativeTarget "CCScreenshot_Cocos2D" */;
			buildPhases = (
				5660AD1316FE7B7800689225 /* Sources */,
				5660AD1416FE7B7800689225 /* Frameworks */,
				5660AD1516FE7B7800689225 /* Resources */,
			);
			buildRules = (
			);
			dependencies = (
			);
			name = CCScreenshot_Cocos2D;
			productName = CCScreenshot_Cocos2D;
			productReference = 5660AD1716FE7B7800689225 /* CCScreenshot_Cocos2D.app */;
			productType = "com.apple.product-type.application";
		};
/* End PBXNativeTarget section */

/* Begin PBXProject section */
		5660AD0F16FE7B7800689225 /* Project object */ = {
			isa = PBXProject;
			attributes = {
				LastUpgradeCheck = 0460;
			};
			buildConfigurationList = 5660AD1216FE7B7800689225 /* Build configuration list for PBXProject "CCScreenshot_Cocos2D" */;
			compatibilityVersion = "Xcode 3.2";
			developmentRegion = English;
			hasScannedForEncodings = 0;
			knownRegions = (
				en,
			);
			mainGroup = 5660AD0E16FE7B7800689225;
			productRefGroup = 5660AD1816FE7B7800689225 /* Products */;
			projectDirPath = "";
			projectRoot = "";
			targets = (
				5660AD1616FE7B7800689225 /* CCScreenshot_Cocos2D */,
			);
		};
/* End PBXProject section */

/* Begin PBXResourcesBuildPhase section */
		5660AD1516FE7B7800689225 /* Resources */ = {
			isa = PBXResourcesBuildPhase;
			buildActionMask = 2147483647;
			files = (
				5660AD2D16FE7B7900689225 /* Default.png in Resources */,
				5660AD2F16FE7B7900689225 /* fps_images.png in Resources */,
				5660AD3116FE7B7900689225 /* Icon-72.png in Resources */,
				5660AD3316FE7B7900689225 /* Icon-Small-50.png in Resources */,
				5660AD3516FE7B7900689225 /* Icon-Small.png in Resources */,
				5660AD3716FE7B7900689225 /* Icon-Small@2x.png in Resources */,
				5660AD3916FE7B7900689225 /* Icon.png in Resources */,
				5660AD3B16FE7B7900689225 /* Icon@2x.png in Resources */,
				5660AD3E16FE7B7900689225 /* iTunesArtwork in Resources */,
			);
			runOnlyForDeploymentPostprocessing = 0;
		};
/* End PBXResourcesBuildPhase section */

/* Begin PBXSourcesBuildPhase section */
		5660AD1316FE7B7800689225 /* Sources */ = {
			isa = PBXSourcesBuildPhase;
			buildActionMask = 2147483647;
			files = (
				5660AD4316FE7B7900689225 /* CCAction.m in Sources */,
				5660AD4616FE7B7900689225 /* CCActionCamera.m in Sources */,
				5660AD4916FE7B7900689225 /* CCActionEase.m in Sources */,
				5660AD4C16FE7B7900689225 /* CCActionGrid.m in Sources */,
				5660AD4F16FE7B7900689225 /* CCActionGrid3D.m in Sources */,
				5660AD5216FE7B7900689225 /* CCActionInstant.m in Sources */,
				5660AD5516FE7B7900689225 /* CCActionInterval.m in Sources */,
				5660AD5816FE7B7900689225 /* CCActionManager.m in Sources */,
				5660AD5B16FE7B7900689225 /* CCActionPageTurn3D.m in Sources */,
				5660AD5E16FE7B7900689225 /* CCActionProgressTimer.m in Sources */,
				5660AD6116FE7B7900689225 /* CCActionTiledGrid.m in Sources */,
				5660AD6416FE7B7900689225 /* CCActionTween.m in Sources */,
				5660AD6716FE7B7900689225 /* CCAnimation.m in Sources */,
				5660AD6A16FE7B7900689225 /* CCAnimationCache.m in Sources */,
				5660AD6D16FE7B7900689225 /* CCAtlasNode.m in Sources */,
				5660AD7016FE7B7900689225 /* CCBlockSupport.m in Sources */,
				5660AD7316FE7B7900689225 /* CCCamera.m in Sources */,
				5660AD7716FE7B7900689225 /* CCConfiguration.m in Sources */,
				5660AD7A16FE7B7900689225 /* CCDirector.m in Sources */,
				5660AD7D16FE7B7900689225 /* CCDrawingPrimitives.m in Sources */,
				5660AD8016FE7B7900689225 /* CCGrabber.m in Sources */,
				5660AD8316FE7B7900689225 /* CCGrid.m in Sources */,
				5660AD8616FE7B7900689225 /* CCLabelAtlas.m in Sources */,
				5660AD8916FE7B7900689225 /* CCLabelBMFont.m in Sources */,
				5660AD8C16FE7B7900689225 /* CCLabelTTF.m in Sources */,
				5660AD8F16FE7B7900689225 /* CCLayer.m in Sources */,
				5660AD9316FE7B7900689225 /* CCMenu.m in Sources */,
				5660AD9616FE7B7900689225 /* CCMenuItem.m in Sources */,
				5660AD9916FE7B7900689225 /* CCMotionStreak.m in Sources */,
				5660AD9C16FE7B7900689225 /* CCNode.m in Sources */,
				5660AD9F16FE7B7900689225 /* CCParallaxNode.m in Sources */,
				5660ADA216FE7B7900689225 /* CCParticleExamples.m in Sources */,
				5660ADA516FE7B7900689225 /* CCParticleSystem.m in Sources */,
				5660ADA816FE7B7900689225 /* CCParticleSystemPoint.m in Sources */,
				5660ADAB16FE7B7900689225 /* CCParticleSystemQuad.m in Sources */,
				5660ADAE16FE7B7900689225 /* CCProgressTimer.m in Sources */,
				5660ADB216FE7B7900689225 /* CCRenderTexture.m in Sources */,
				5660ADB516FE7B7900689225 /* CCRibbon.m in Sources */,
				5660ADB816FE7B7900689225 /* CCScene.m in Sources */,
				5660ADBB16FE7B7900689225 /* CCScheduler.m in Sources */,
				5660ADBE16FE7B7900689225 /* CCSprite.m in Sources */,
				5660ADC116FE7B7900689225 /* CCSpriteBatchNode.m in Sources */,
				5660ADC416FE7B7900689225 /* CCSpriteFrame.m in Sources */,
				5660ADC716FE7B7900689225 /* CCSpriteFrameCache.m in Sources */,
				5660ADCA16FE7B7A00689225 /* CCTexture2D.m in Sources */,
				5660ADCD16FE7B7A00689225 /* CCTextureAtlas.m in Sources */,
				5660ADD016FE7B7A00689225 /* CCTextureCache.m in Sources */,
				5660ADD316FE7B7A00689225 /* CCTexturePVR.m in Sources */,
				5660ADD616FE7B7A00689225 /* CCTileMapAtlas.m in Sources */,
				5660ADD916FE7B7A00689225 /* CCTMXLayer.m in Sources */,
				5660ADDC16FE7B7A00689225 /* CCTMXObjectGroup.m in Sources */,
				5660ADDF16FE7B7A00689225 /* CCTMXTiledMap.m in Sources */,
				5660ADE216FE7B7A00689225 /* CCTMXXMLParser.m in Sources */,
				5660ADE516FE7B7A00689225 /* CCTransition.m in Sources */,
				5660ADE816FE7B7A00689225 /* CCTransitionPageTurn.m in Sources */,
				5660ADEB16FE7B7A00689225 /* CCTransitionRadial.m in Sources */,
				5660ADEF16FE7B7A00689225 /* cocos2d.m in Sources */,
				5660ADF616FE7B7A00689225 /* CCDirectorIOS.m in Sources */,
				5660ADFA16FE7B7A00689225 /* CCTouchDispatcher.m in Sources */,
				5660ADFD16FE7B7A00689225 /* CCTouchHandler.m in Sources */,
				5660AE0016FE7B7A00689225 /* EAGLView.m in Sources */,
				5660AE0316FE7B7A00689225 /* ES1Renderer.m in Sources */,
				5660AE0616FE7B7A00689225 /* glu.c in Sources */,
				5660AE0B16FE7B7A00689225 /* CCDirectorMac.m in Sources */,
				5660AE0E16FE7B7A00689225 /* CCEventDispatcher.m in Sources */,
				5660AE1116FE7B7A00689225 /* MacGLView.m in Sources */,
				5660AE1416FE7B7A00689225 /* MacWindow.m in Sources */,
				5660AE1716FE7B7A00689225 /* base64.c in Sources */,
				5660AE1B16FE7B7A00689225 /* CCArray.m in Sources */,
				5660AE1F16FE7B7A00689225 /* CCFileUtils.m in Sources */,
				5660AE2216FE7B7A00689225 /* CCProfiling.m in Sources */,
				5660AE2416FE7B7A00689225 /* ccUtils.c in Sources */,
				5660AE2816FE7B7A00689225 /* CGPointExtension.m in Sources */,
				5660AE2C16FE7B7A00689225 /* TGAlib.m in Sources */,
				5660AE2F16FE7B7A00689225 /* TransformUtils.m in Sources */,
				5660AE3416FE7B7A00689225 /* ZipUtils.m in Sources */,
				5660AE3916FE7B7A00689225 /* CDAudioManager.m in Sources */,
				5660AE3D16FE7B7A00689225 /* CDOpenALSupport.m in Sources */,
				5660AE4016FE7B7A00689225 /* CocosDenshion.m in Sources */,
				5660AE4316FE7B7A00689225 /* SimpleAudioEngine.m in Sources */,
				5660AE4816FE7B7A00689225 /* CLScoreServerPost.m in Sources */,
				5660AE4B16FE7B7A00689225 /* CLScoreServerRequest.m in Sources */,
				5660AE4E16FE7B7A00689225 /* cocoslive.m in Sources */,
				5660AE5316FE7B7A00689225 /* CDataScanner.m in Sources */,
				5660AE5716FE7B7A00689225 /* CDataScanner_Extensions.m in Sources */,
				5660AE5A16FE7B7A00689225 /* NSDictionary_JSONExtensions.m in Sources */,
				5660AE5E16FE7B7A00689225 /* CJSONDeserializer.m in Sources */,
				5660AE6116FE7B7A00689225 /* CJSONScanner.m in Sources */,
				5660AE6416FE7B7A00689225 /* CJSONSerializer.m in Sources */,
				5660AE6916FE7B7A00689225 /* FontLabel.m in Sources */,
				5660AE6C16FE7B7A00689225 /* FontLabelStringDrawing.m in Sources */,
				5660AE6F16FE7B7A00689225 /* FontManager.m in Sources */,
				5660AE7216FE7B7B00689225 /* ZAttributedString.m in Sources */,
				5660AE7616FE7B7B00689225 /* ZFont.m in Sources */,
				5660AE7B16FE7B7B00689225 /* main.m in Sources */,
				5660AE7E16FE7B7B00689225 /* AppDelegate.m in Sources */,
				5660AE8116FE7B7B00689225 /* RootViewController.m in Sources */,
				5660AE8416FE7B7B00689225 /* HelloWorldLayer.m in Sources */,
				5660AE8D16FE80A900689225 /* CCScreenhot.m in Sources */,
			);
			runOnlyForDeploymentPostprocessing = 0;
		};
/* End PBXSourcesBuildPhase section */

/* Begin XCBuildConfiguration section */
		5660AE8616FE7B7B00689225 /* Debug */ = {
			isa = XCBuildConfiguration;
			buildSettings = {
				ARCHS = "$(ARCHS_STANDARD_32_BIT)";
				CODE_SIGN_IDENTITY = "";
				"CODE_SIGN_IDENTITY[sdk=iphoneos*]" = "iPhone Developer: Oguzhan Gungor (7LZK4K8N3P)";
				GCC_C_LANGUAGE_STANDARD = gnu99;
				GCC_OPTIMIZATION_LEVEL = 0;
				GCC_PREPROCESSOR_DEFINITIONS = (
					DEBUG,
					"COCOS2D_DEBUG=1",
				);
				GCC_SYMBOLS_PRIVATE_EXTERN = NO;
				GCC_VERSION = com.apple.compilers.llvmgcc42;
				GCC_WARN_ABOUT_RETURN_TYPE = YES;
				GCC_WARN_UNUSED_VARIABLE = YES;
				IPHONEOS_DEPLOYMENT_TARGET = 6.1;
				"PROVISIONING_PROFILE[sdk=iphoneos*]" = "176FEED0-A33F-4674-AC6F-621D17FEF6E1";
				SDKROOT = iphoneos;
			};
			name = Debug;
		};
		5660AE8716FE7B7B00689225 /* Release */ = {
			isa = XCBuildConfiguration;
			buildSettings = {
				ARCHS = "$(ARCHS_STANDARD_32_BIT)";
				CODE_SIGN_IDENTITY = "";
				"CODE_SIGN_IDENTITY[sdk=iphoneos*]" = "";
				GCC_C_LANGUAGE_STANDARD = gnu99;
				GCC_PREPROCESSOR_DEFINITIONS = NDEBUG;
				GCC_VERSION = com.apple.compilers.llvmgcc42;
				GCC_WARN_ABOUT_RETURN_TYPE = YES;
				GCC_WARN_UNUSED_VARIABLE = YES;
				IPHONEOS_DEPLOYMENT_TARGET = 6.1;
				OTHER_CFLAGS = "-DNS_BLOCK_ASSERTIONS=1";
				SDKROOT = iphoneos;
			};
			name = Release;
		};
		5660AE8916FE7B7B00689225 /* Debug */ = {
			isa = XCBuildConfiguration;
			buildSettings = {
				ALWAYS_SEARCH_USER_PATHS = NO;
				CODE_SIGN_IDENTITY = "";
				"CODE_SIGN_IDENTITY[sdk=iphoneos*]" = "iPhone Developer: Oguzhan Gungor (7LZK4K8N3P)";
				COPY_PHASE_STRIP = NO;
				GCC_DYNAMIC_NO_PIC = NO;
				GCC_PRECOMPILE_PREFIX_HEADER = YES;
				GCC_PREFIX_HEADER = CCScreenshot_Cocos2D/Prefix.pch;
				"GCC_THUMB_SUPPORT[arch=armv6]" = "";
				INFOPLIST_FILE = CCScreenshot_Cocos2D/Resources/Info.plist;
				OTHER_LDFLAGS = "-lz";
				PRODUCT_NAME = "$(TARGET_NAME)";
				"PROVISIONING_PROFILE[sdk=iphoneos*]" = "176FEED0-A33F-4674-AC6F-621D17FEF6E1";
				WRAPPER_EXTENSION = app;
			};
			name = Debug;
		};
		5660AE8A16FE7B7B00689225 /* Release */ = {
			isa = XCBuildConfiguration;
			buildSettings = {
				ALWAYS_SEARCH_USER_PATHS = NO;
				CODE_SIGN_IDENTITY = "";
				"CODE_SIGN_IDENTITY[sdk=iphoneos*]" = "";
				COPY_PHASE_STRIP = YES;
				GCC_PRECOMPILE_PREFIX_HEADER = YES;
				GCC_PREFIX_HEADER = CCScreenshot_Cocos2D/Prefix.pch;
				"GCC_THUMB_SUPPORT[arch=armv6]" = "";
				INFOPLIST_FILE = CCScreenshot_Cocos2D/Resources/Info.plist;
				OTHER_LDFLAGS = "-lz";
				PRODUCT_NAME = "$(TARGET_NAME)";
				VALIDATE_PRODUCT = YES;
				WRAPPER_EXTENSION = app;
			};
			name = Release;
		};
/* End XCBuildConfiguration section */

/* Begin XCConfigurationList section */
		5660AD1216FE7B7800689225 /* Build configuration list for PBXProject "CCScreenshot_Cocos2D" */ = {
			isa = XCConfigurationList;
			buildConfigurations = (
				5660AE8616FE7B7B00689225 /* Debug */,
				5660AE8716FE7B7B00689225 /* Release */,
			);
			defaultConfigurationIsVisible = 0;
			defaultConfigurationName = Release;
		};
		5660AE8816FE7B7B00689225 /* Build configuration list for PBXNativeTarget "CCScreenshot_Cocos2D" */ = {
			isa = XCConfigurationList;
			buildConfigurations = (
				5660AE8916FE7B7B00689225 /* Debug */,
				5660AE8A16FE7B7B00689225 /* Release */,
			);
			defaultConfigurationIsVisible = 0;
			defaultConfigurationName = Release;
		};
/* End XCConfigurationList section */
	};
	rootObject = 5660AD0F16FE7B7800689225 /* Project object */;
}
